// !$*UTF8*$!
{
	archiveVersion = 1;
	classes = {
	};
	objectVersion = 46;
	objects = {

/* Begin PBXBuildFile section */
		1A4AB29E1A8A0E17008B9F6E /* MWStreamNode.m in Sources */ = {isa = PBXBuildFile; fileRef = 1A4AB29D1A8A0E17008B9F6E /* MWStreamNode.m */; };
		1A4AB2A11A8A0E8B008B9F6E /* MWSolutionNode.m in Sources */ = {isa = PBXBuildFile; fileRef = 1A4AB2A01A8A0E8B008B9F6E /* MWSolutionNode.m */; };
		1A5A6C471AE43854005F3903 /* auto-solve_ipad@2x.png in Resources */ = {isa = PBXBuildFile; fileRef = 1A5A6C461AE43854005F3903 /* auto-solve_ipad@2x.png */; };
		1A5A6C4B1AE43D55005F3903 /* auto-solve_ipad.png in Resources */ = {isa = PBXBuildFile; fileRef = 1A5A6C481AE43D55005F3903 /* auto-solve_ipad.png */; };
		1A5A6C4C1AE43D55005F3903 /* auto-solve_iphone.png in Resources */ = {isa = PBXBuildFile; fileRef = 1A5A6C491AE43D55005F3903 /* auto-solve_iphone.png */; };
		1A5A6C4D1AE43D55005F3903 /* auto-solve_iphone@2x.png in Resources */ = {isa = PBXBuildFile; fileRef = 1A5A6C4A1AE43D55005F3903 /* auto-solve_iphone@2x.png */; };
		1A5A6C541AE6D77C005F3903 /* stream.mp3 in Resources */ = {isa = PBXBuildFile; fileRef = 1A5A6C531AE6D77C005F3903 /* stream.mp3 */; };
		1A5A6C6C1AF6C5BB005F3903 /* Icon-60.png in Resources */ = {isa = PBXBuildFile; fileRef = 1A5A6C5A1AF6C5BB005F3903 /* Icon-60.png */; };
		1A5A6C6D1AF6C5BB005F3903 /* Icon-60@2x.png in Resources */ = {isa = PBXBuildFile; fileRef = 1A5A6C5B1AF6C5BB005F3903 /* Icon-60@2x.png */; };
		1A5A6C6E1AF6C5BB005F3903 /* Icon-60@3x.png in Resources */ = {isa = PBXBuildFile; fileRef = 1A5A6C5C1AF6C5BB005F3903 /* Icon-60@3x.png */; };
		1A5A6C6F1AF6C5BB005F3903 /* Icon-72.png in Resources */ = {isa = PBXBuildFile; fileRef = 1A5A6C5D1AF6C5BB005F3903 /* Icon-72.png */; };
		1A5A6C701AF6C5BB005F3903 /* Icon-72@2x.png in Resources */ = {isa = PBXBuildFile; fileRef = 1A5A6C5E1AF6C5BB005F3903 /* Icon-72@2x.png */; };
		1A5A6C711AF6C5BB005F3903 /* Icon-76.png in Resources */ = {isa = PBXBuildFile; fileRef = 1A5A6C5F1AF6C5BB005F3903 /* Icon-76.png */; };
		1A5A6C721AF6C5BB005F3903 /* Icon-76@2x.png in Resources */ = {isa = PBXBuildFile; fileRef = 1A5A6C601AF6C5BB005F3903 /* Icon-76@2x.png */; };
		1A5A6C731AF6C5BB005F3903 /* Icon-Small-40.png in Resources */ = {isa = PBXBuildFile; fileRef = 1A5A6C611AF6C5BB005F3903 /* Icon-Small-40.png */; };
		1A5A6C741AF6C5BB005F3903 /* Icon-Small-40@2x.png in Resources */ = {isa = PBXBuildFile; fileRef = 1A5A6C621AF6C5BB005F3903 /* Icon-Small-40@2x.png */; };
		1A5A6C751AF6C5BB005F3903 /* Icon-Small-40@3x.png in Resources */ = {isa = PBXBuildFile; fileRef = 1A5A6C631AF6C5BB005F3903 /* Icon-Small-40@3x.png */; };
		1A5A6C761AF6C5BB005F3903 /* Icon-Small-50.png in Resources */ = {isa = PBXBuildFile; fileRef = 1A5A6C641AF6C5BB005F3903 /* Icon-Small-50.png */; };
		1A5A6C771AF6C5BB005F3903 /* Icon-Small-50@2x.png in Resources */ = {isa = PBXBuildFile; fileRef = 1A5A6C651AF6C5BB005F3903 /* Icon-Small-50@2x.png */; };
		1A5A6C781AF6C5BB005F3903 /* Icon-Small.png in Resources */ = {isa = PBXBuildFile; fileRef = 1A5A6C661AF6C5BB005F3903 /* Icon-Small.png */; };
		1A5A6C791AF6C5BB005F3903 /* Icon-Small@2x.png in Resources */ = {isa = PBXBuildFile; fileRef = 1A5A6C671AF6C5BB005F3903 /* Icon-Small@2x.png */; };
		1A5A6C7A1AF6C5BB005F3903 /* Icon-Small@3x.png in Resources */ = {isa = PBXBuildFile; fileRef = 1A5A6C681AF6C5BB005F3903 /* Icon-Small@3x.png */; };
		1A5A6C7B1AF6C5BB005F3903 /* Icon.png in Resources */ = {isa = PBXBuildFile; fileRef = 1A5A6C691AF6C5BB005F3903 /* Icon.png */; };
		1A5A6C7C1AF6C5BB005F3903 /* Icon@2x.png in Resources */ = {isa = PBXBuildFile; fileRef = 1A5A6C6A1AF6C5BB005F3903 /* Icon@2x.png */; };
		1A5A6C7D1AF6C5BB005F3903 /* iTunesArtwork@2x.png in Resources */ = {isa = PBXBuildFile; fileRef = 1A5A6C6B1AF6C5BB005F3903 /* iTunesArtwork@2x.png */; };
		1A5A6C801AFA3FD7005F3903 /* reveal-letter.mp3 in Resources */ = {isa = PBXBuildFile; fileRef = 1A5A6C7E1AFA3FD7005F3903 /* reveal-letter.mp3 */; };
		1A5A6C811AFA3FD7005F3903 /* reveal-word.mp3 in Resources */ = {isa = PBXBuildFile; fileRef = 1A5A6C7F1AFA3FD7005F3903 /* reveal-word.mp3 */; };
		1A6E2F181A84BA4100725FCF /* FMDatabase.m in Sources */ = {isa = PBXBuildFile; fileRef = 1A6E2F0E1A84BA4100725FCF /* FMDatabase.m */; };
		1A6E2F191A84BA4100725FCF /* FMDatabaseAdditions.m in Sources */ = {isa = PBXBuildFile; fileRef = 1A6E2F101A84BA4100725FCF /* FMDatabaseAdditions.m */; };
		1A6E2F1A1A84BA4100725FCF /* FMDatabasePool.m in Sources */ = {isa = PBXBuildFile; fileRef = 1A6E2F121A84BA4100725FCF /* FMDatabasePool.m */; };
		1A6E2F1B1A84BA4100725FCF /* FMDatabaseQueue.m in Sources */ = {isa = PBXBuildFile; fileRef = 1A6E2F141A84BA4100725FCF /* FMDatabaseQueue.m */; };
		1A6E2F1C1A84BA4100725FCF /* FMResultSet.m in Sources */ = {isa = PBXBuildFile; fileRef = 1A6E2F171A84BA4100725FCF /* FMResultSet.m */; };
		1A6E2F201A84BABD00725FCF /* libsqlite3.dylib in Frameworks */ = {isa = PBXBuildFile; fileRef = 1A6E2F1D1A84BA6700725FCF /* libsqlite3.dylib */; };
		1A6E2F251A84BC3500725FCF /* MWObject.m in Sources */ = {isa = PBXBuildFile; fileRef = 1A6E2F241A84BC3500725FCF /* MWObject.m */; };
		1A6E2F281A84BC5A00725FCF /* MWDBManager.m in Sources */ = {isa = PBXBuildFile; fileRef = 1A6E2F271A84BC5A00725FCF /* MWDBManager.m */; };
		1AA07A921A762BA400722BEB /* main.m in Sources */ = {isa = PBXBuildFile; fileRef = 1AA07A911A762BA400722BEB /* main.m */; };
		1AA07A951A762BA400722BEB /* AppDelegate.m in Sources */ = {isa = PBXBuildFile; fileRef = 1AA07A941A762BA400722BEB /* AppDelegate.m */; };
		1AA07A981A762BA400722BEB /* GameScene.m in Sources */ = {isa = PBXBuildFile; fileRef = 1AA07A971A762BA400722BEB /* GameScene.m */; };
		1AA07A9A1A762BA400722BEB /* GameScene.sks in Resources */ = {isa = PBXBuildFile; fileRef = 1AA07A991A762BA400722BEB /* GameScene.sks */; };
		1AA07A9D1A762BA400722BEB /* GameViewController.m in Sources */ = {isa = PBXBuildFile; fileRef = 1AA07A9C1A762BA400722BEB /* GameViewController.m */; };
		1AA07AA01A762BA400722BEB /* Main.storyboard in Resources */ = {isa = PBXBuildFile; fileRef = 1AA07A9E1A762BA400722BEB /* Main.storyboard */; };
		1AA07AA21A762BA400722BEB /* Images.xcassets in Resources */ = {isa = PBXBuildFile; fileRef = 1AA07AA11A762BA400722BEB /* Images.xcassets */; };
		1AA07AA51A762BA400722BEB /* LaunchScreen.xib in Resources */ = {isa = PBXBuildFile; fileRef = 1AA07AA31A762BA400722BEB /* LaunchScreen.xib */; };
		1AA07AB11A762BA400722BEB /* WordFallTests.m in Sources */ = {isa = PBXBuildFile; fileRef = 1AA07AB01A762BA400722BEB /* WordFallTests.m */; };
		1AA0B3101A8507F70040FCE6 /* MWWord.m in Sources */ = {isa = PBXBuildFile; fileRef = 1AA0B30F1A8507F70040FCE6 /* MWWord.m */; };
		1AA0B3131A85080B0040FCE6 /* MWObjects.m in Sources */ = {isa = PBXBuildFile; fileRef = 1AA0B3121A85080B0040FCE6 /* MWObjects.m */; };
		1AA0B3161A8508320040FCE6 /* MWWords.m in Sources */ = {isa = PBXBuildFile; fileRef = 1AA0B3151A8508320040FCE6 /* MWWords.m */; };
		1AA0B3191A85099A0040FCE6 /* MWDefinition.m in Sources */ = {isa = PBXBuildFile; fileRef = 1AA0B3181A85099A0040FCE6 /* MWDefinition.m */; };
		1AA0B31C1A8509AA0040FCE6 /* MWDefinitions.m in Sources */ = {isa = PBXBuildFile; fileRef = 1AA0B31B1A8509AA0040FCE6 /* MWDefinitions.m */; };
		1AA0B31F1A8509CF0040FCE6 /* MWManager.m in Sources */ = {isa = PBXBuildFile; fileRef = 1AA0B31E1A8509CF0040FCE6 /* MWManager.m */; };
		1AA0B3221A850A6A0040FCE6 /* MWWordManager.m in Sources */ = {isa = PBXBuildFile; fileRef = 1AA0B3211A850A6A0040FCE6 /* MWWordManager.m */; };
		1AA0F31B1AC98C76000AF252 /* iAd.framework in Frameworks */ = {isa = PBXBuildFile; fileRef = 1AA0F31A1AC98C76000AF252 /* iAd.framework */; };
		1AA33E4D1AC1FB56002B29B5 /* MWPurchaseNode.m in Sources */ = {isa = PBXBuildFile; fileRef = 1AA33E4C1AC1FB56002B29B5 /* MWPurchaseNode.m */; };
		1AA33E501AC1FB69002B29B5 /* MWSolveWordNode.m in Sources */ = {isa = PBXBuildFile; fileRef = 1AA33E4F1AC1FB69002B29B5 /* MWSolveWordNode.m */; };
		1AA33E531AC20C17002B29B5 /* MWPurchaseManager.m in Sources */ = {isa = PBXBuildFile; fileRef = 1AA33E521AC20C17002B29B5 /* MWPurchaseManager.m */; };
		1AA34B001A8AA8E20036AE8A /* MWSolutionLetterNode.m in Sources */ = {isa = PBXBuildFile; fileRef = 1AA34AFF1A8AA8E20036AE8A /* MWSolutionLetterNode.m */; };
		1AA807A01AC59A1300A0DBC1 /* StoreKit.framework in Frameworks */ = {isa = PBXBuildFile; fileRef = 1AA8079F1AC59A1300A0DBC1 /* StoreKit.framework */; };
		1AA807A41AC5FAF100A0DBC1 /* NSString+Extensions.m in Sources */ = {isa = PBXBuildFile; fileRef = 1AA807A31AC5FAF100A0DBC1 /* NSString+Extensions.m */; };
		1AA8C7EB1AC0576100B10E49 /* MWDefinitionNode.m in Sources */ = {isa = PBXBuildFile; fileRef = 1AA8C7EA1AC0576100B10E49 /* MWDefinitionNode.m */; };
		1AA8C7EF1AC0965D00B10E49 /* Random.m in Sources */ = {isa = PBXBuildFile; fileRef = 1AA8C7EE1AC0965D00B10E49 /* Random.m */; };
		1AA8C7F21AC0CE8100B10E49 /* MWNextWordNode.m in Sources */ = {isa = PBXBuildFile; fileRef = 1AA8C7F11AC0CE8100B10E49 /* MWNextWordNode.m */; };
		1AA8D49D1ACB0B4000CF1842 /* words.sqlite in Resources */ = {isa = PBXBuildFile; fileRef = 1AA8D49C1ACB0B4000CF1842 /* words.sqlite */; };
		1AA8D4A51ACC86E800CF1842 /* background-480@2x.png in Resources */ = {isa = PBXBuildFile; fileRef = 1AA8D49F1ACC86E800CF1842 /* background-480@2x.png */; };
		1AA8D4A61ACC86E800CF1842 /* background-568@2x.png in Resources */ = {isa = PBXBuildFile; fileRef = 1AA8D4A01ACC86E800CF1842 /* background-568@2x.png */; };
		1AA8D4A71ACC86E800CF1842 /* background-667@2x.png in Resources */ = {isa = PBXBuildFile; fileRef = 1AA8D4A11ACC86E800CF1842 /* background-667@2x.png */; };
		1AA8D4A81ACC86E800CF1842 /* background-736@3x.png in Resources */ = {isa = PBXBuildFile; fileRef = 1AA8D4A21ACC86E800CF1842 /* background-736@3x.png */; };
		1AA8D4A91ACC86E800CF1842 /* background-1024.png in Resources */ = {isa = PBXBuildFile; fileRef = 1AA8D4A31ACC86E800CF1842 /* background-1024.png */; };
		1AA8D4AA1ACC86E800CF1842 /* background-1024@2x.png in Resources */ = {isa = PBXBuildFile; fileRef = 1AA8D4A41ACC86E800CF1842 /* background-1024@2x.png */; };
		1AA8D4CC1ACF44AA00CF1842 /* stream-0_ipad.png in Resources */ = {isa = PBXBuildFile; fileRef = 1AA8D4B81ACF44AA00CF1842 /* stream-0_ipad.png */; };
		1AA8D4CD1ACF44AA00CF1842 /* stream-0_ipad@2x.png in Resources */ = {isa = PBXBuildFile; fileRef = 1AA8D4B91ACF44AA00CF1842 /* stream-0_ipad@2x.png */; };
		1AA8D4CE1ACF44AA00CF1842 /* stream-0_iphone.png in Resources */ = {isa = PBXBuildFile; fileRef = 1AA8D4BA1ACF44AA00CF1842 /* stream-0_iphone.png */; };
		1AA8D4CF1ACF44AA00CF1842 /* stream-0_iphone@2x.png in Resources */ = {isa = PBXBuildFile; fileRef = 1AA8D4BB1ACF44AA00CF1842 /* stream-0_iphone@2x.png */; };
		1AA8D4D01ACF44AA00CF1842 /* stream-1_ipad.png in Resources */ = {isa = PBXBuildFile; fileRef = 1AA8D4BC1ACF44AA00CF1842 /* stream-1_ipad.png */; };
		1AA8D4D11ACF44AA00CF1842 /* stream-1_ipad@2x.png in Resources */ = {isa = PBXBuildFile; fileRef = 1AA8D4BD1ACF44AA00CF1842 /* stream-1_ipad@2x.png */; };
		1AA8D4D21ACF44AA00CF1842 /* stream-1_iphone.png in Resources */ = {isa = PBXBuildFile; fileRef = 1AA8D4BE1ACF44AA00CF1842 /* stream-1_iphone.png */; };
		1AA8D4D31ACF44AA00CF1842 /* stream-1_iphone@2x.png in Resources */ = {isa = PBXBuildFile; fileRef = 1AA8D4BF1ACF44AA00CF1842 /* stream-1_iphone@2x.png */; };
		1AA8D4D41ACF44AA00CF1842 /* stream-2_ipad.png in Resources */ = {isa = PBXBuildFile; fileRef = 1AA8D4C01ACF44AA00CF1842 /* stream-2_ipad.png */; };
		1AA8D4D51ACF44AA00CF1842 /* stream-2_ipad@2x.png in Resources */ = {isa = PBXBuildFile; fileRef = 1AA8D4C11ACF44AA00CF1842 /* stream-2_ipad@2x.png */; };
		1AA8D4D61ACF44AA00CF1842 /* stream-2_iphone.png in Resources */ = {isa = PBXBuildFile; fileRef = 1AA8D4C21ACF44AA00CF1842 /* stream-2_iphone.png */; };
		1AA8D4D71ACF44AA00CF1842 /* stream-2_iphone@2x.png in Resources */ = {isa = PBXBuildFile; fileRef = 1AA8D4C31ACF44AA00CF1842 /* stream-2_iphone@2x.png */; };
		1AA8D4D81ACF44AA00CF1842 /* stream-3_ipad.png in Resources */ = {isa = PBXBuildFile; fileRef = 1AA8D4C41ACF44AA00CF1842 /* stream-3_ipad.png */; };
		1AA8D4D91ACF44AA00CF1842 /* stream-3_ipad@2x.png in Resources */ = {isa = PBXBuildFile; fileRef = 1AA8D4C51ACF44AA00CF1842 /* stream-3_ipad@2x.png */; };
		1AA8D4DA1ACF44AA00CF1842 /* stream-3_iphone.png in Resources */ = {isa = PBXBuildFile; fileRef = 1AA8D4C61ACF44AA00CF1842 /* stream-3_iphone.png */; };
		1AA8D4DB1ACF44AA00CF1842 /* stream-3_iphone@2x.png in Resources */ = {isa = PBXBuildFile; fileRef = 1AA8D4C71ACF44AA00CF1842 /* stream-3_iphone@2x.png */; };
		1AA8D4DC1ACF44AA00CF1842 /* stream-4_ipad.png in Resources */ = {isa = PBXBuildFile; fileRef = 1AA8D4C81ACF44AA00CF1842 /* stream-4_ipad.png */; };
		1AA8D4DD1ACF44AA00CF1842 /* stream-4_ipad@2x.png in Resources */ = {isa = PBXBuildFile; fileRef = 1AA8D4C91ACF44AA00CF1842 /* stream-4_ipad@2x.png */; };
		1AA8D4DE1ACF44AA00CF1842 /* stream-4_iphone.png in Resources */ = {isa = PBXBuildFile; fileRef = 1AA8D4CA1ACF44AA00CF1842 /* stream-4_iphone.png */; };
		1AA8D4DF1ACF44AA00CF1842 /* stream-4_iphone@2x.png in Resources */ = {isa = PBXBuildFile; fileRef = 1AA8D4CB1ACF44AA00CF1842 /* stream-4_iphone@2x.png */; };
		1AA8D4E41AD021E900CF1842 /* letterbox_iphone.png in Resources */ = {isa = PBXBuildFile; fileRef = 1AA8D4E31AD021E900CF1842 /* letterbox_iphone.png */; };
		1AA8D4E61AD022CC00CF1842 /* letterbox_iphone@2x.png in Resources */ = {isa = PBXBuildFile; fileRef = 1AA8D4E51AD022CC00CF1842 /* letterbox_iphone@2x.png */; };
		1AA8D4E91AD0259B00CF1842 /* letterbox_ipad.png in Resources */ = {isa = PBXBuildFile; fileRef = 1AA8D4E71AD0259B00CF1842 /* letterbox_ipad.png */; };
		1AA8D4EA1AD0259B00CF1842 /* letterbox_ipad@2x.png in Resources */ = {isa = PBXBuildFile; fileRef = 1AA8D4E81AD0259B00CF1842 /* letterbox_ipad@2x.png */; };
		1AA8D4F21AD2BD3200CF1842 /* Default-568h@2x.png in Resources */ = {isa = PBXBuildFile; fileRef = 1AA8D4EC1AD2BD3200CF1842 /* Default-568h@2x.png */; };
		1AA8D4F31AD2BD3200CF1842 /* Default-667h@2x.png in Resources */ = {isa = PBXBuildFile; fileRef = 1AA8D4ED1AD2BD3200CF1842 /* Default-667h@2x.png */; };
		1AA8D4F41AD2BD3200CF1842 /* Default-736h@3x.png in Resources */ = {isa = PBXBuildFile; fileRef = 1AA8D4EE1AD2BD3200CF1842 /* Default-736h@3x.png */; };
		1AA8D4F51AD2BD3200CF1842 /* Default-Landscape@2x~ipad.png in Resources */ = {isa = PBXBuildFile; fileRef = 1AA8D4EF1AD2BD3200CF1842 /* Default-Landscape@2x~ipad.png */; };
		1AA8D4F61AD2BD3200CF1842 /* Default-Landscape~ipad.png in Resources */ = {isa = PBXBuildFile; fileRef = 1AA8D4F01AD2BD3200CF1842 /* Default-Landscape~ipad.png */; };
		1AA8D4F71AD2BD3200CF1842 /* Default@2x.png in Resources */ = {isa = PBXBuildFile; fileRef = 1AA8D4F11AD2BD3200CF1842 /* Default@2x.png */; };
		1AA8D4FA1AD4779700CF1842 /* MWSoundManager.m in Sources */ = {isa = PBXBuildFile; fileRef = 1AA8D4F91AD4779700CF1842 /* MWSoundManager.m */; };
		1AA8D4FD1AD5559500CF1842 /* MWSoundNode.m in Sources */ = {isa = PBXBuildFile; fileRef = 1AA8D4FC1AD5559500CF1842 /* MWSoundNode.m */; };
		1AA8D5071AD55B3C00CF1842 /* sound_off_ipad.png in Resources */ = {isa = PBXBuildFile; fileRef = 1AA8D4FF1AD55B3C00CF1842 /* sound_off_ipad.png */; };
		1AA8D5081AD55B3C00CF1842 /* sound_off_ipad@2x.png in Resources */ = {isa = PBXBuildFile; fileRef = 1AA8D5001AD55B3C00CF1842 /* sound_off_ipad@2x.png */; };
		1AA8D5091AD55B3C00CF1842 /* sound_off_iphone.png in Resources */ = {isa = PBXBuildFile; fileRef = 1AA8D5011AD55B3C00CF1842 /* sound_off_iphone.png */; };
		1AA8D50A1AD55B3C00CF1842 /* sound_off_iphone@2x.png in Resources */ = {isa = PBXBuildFile; fileRef = 1AA8D5021AD55B3C00CF1842 /* sound_off_iphone@2x.png */; };
		1AA8D50B1AD55B3C00CF1842 /* sound_on_ipad.png in Resources */ = {isa = PBXBuildFile; fileRef = 1AA8D5031AD55B3C00CF1842 /* sound_on_ipad.png */; };
		1AA8D50C1AD55B3C00CF1842 /* sound_on_ipad@2x.png in Resources */ = {isa = PBXBuildFile; fileRef = 1AA8D5041AD55B3C00CF1842 /* sound_on_ipad@2x.png */; };
		1AA8D50D1AD55B3C00CF1842 /* sound_on_iphone.png in Resources */ = {isa = PBXBuildFile; fileRef = 1AA8D5051AD55B3C00CF1842 /* sound_on_iphone.png */; };
		1AA8D50E1AD55B3C00CF1842 /* sound_on_iphone@2x.png in Resources */ = {isa = PBXBuildFile; fileRef = 1AA8D5061AD55B3C00CF1842 /* sound_on_iphone@2x.png */; };
		1AA8D51C1AD7149D00CF1842 /* next_ipad.png in Resources */ = {isa = PBXBuildFile; fileRef = 1AA8D5181AD7149D00CF1842 /* next_ipad.png */; };
		1AA8D51D1AD7149D00CF1842 /* next_ipad@2x.png in Resources */ = {isa = PBXBuildFile; fileRef = 1AA8D5191AD7149D00CF1842 /* next_ipad@2x.png */; };
		1AA8D51E1AD7149D00CF1842 /* next_iphone.png in Resources */ = {isa = PBXBuildFile; fileRef = 1AA8D51A1AD7149D00CF1842 /* next_iphone.png */; };
		1AA8D51F1AD7149D00CF1842 /* next_iphone@2x.png in Resources */ = {isa = PBXBuildFile; fileRef = 1AA8D51B1AD7149D00CF1842 /* next_iphone@2x.png */; };
		1AA8D5241AD71A7C00CF1842 /* solve_ipad.png in Resources */ = {isa = PBXBuildFile; fileRef = 1AA8D5201AD71A7C00CF1842 /* solve_ipad.png */; };
		1AA8D5251AD71A7C00CF1842 /* solve_ipad@2x.png in Resources */ = {isa = PBXBuildFile; fileRef = 1AA8D5211AD71A7C00CF1842 /* solve_ipad@2x.png */; };
		1AA8D5261AD71A7C00CF1842 /* solve_iphone.png in Resources */ = {isa = PBXBuildFile; fileRef = 1AA8D5221AD71A7C00CF1842 /* solve_iphone.png */; };
		1AA8D5271AD71A7C00CF1842 /* solve_iphone@2x.png in Resources */ = {isa = PBXBuildFile; fileRef = 1AA8D5231AD71A7C00CF1842 /* solve_iphone@2x.png */; };
		1AA945BB1AC886A700006FEF /* SKProduct+Extensions.m in Sources */ = {isa = PBXBuildFile; fileRef = 1AA945BA1AC886A700006FEF /* SKProduct+Extensions.m */; };
/* End PBXBuildFile section */

/* Begin PBXContainerItemProxy section */
		1AA07AAB1A762BA400722BEB /* PBXContainerItemProxy */ = {
			isa = PBXContainerItemProxy;
			containerPortal = 1AA07A841A762BA400722BEB /* Project object */;
			proxyType = 1;
			remoteGlobalIDString = 1AA07A8B1A762BA400722BEB;
			remoteInfo = WordFall;
		};
/* End PBXContainerItemProxy section */

/* Begin PBXFileReference section */
		1A4AB29C1A8A0E17008B9F6E /* MWStreamNode.h */ = {isa = PBXFileReference; fileEncoding = 4; lastKnownFileType = sourcecode.c.h; path = MWStreamNode.h; sourceTree = "<group>"; };
		1A4AB29D1A8A0E17008B9F6E /* MWStreamNode.m */ = {isa = PBXFileReference; fileEncoding = 4; lastKnownFileType = sourcecode.c.objc; path = MWStreamNode.m; sourceTree = "<group>"; };
		1A4AB29F1A8A0E8B008B9F6E /* MWSolutionNode.h */ = {isa = PBXFileReference; fileEncoding = 4; lastKnownFileType = sourcecode.c.h; path = MWSolutionNode.h; sourceTree = "<group>"; };
		1A4AB2A01A8A0E8B008B9F6E /* MWSolutionNode.m */ = {isa = PBXFileReference; fileEncoding = 4; lastKnownFileType = sourcecode.c.objc; path = MWSolutionNode.m; sourceTree = "<group>"; };
		1A5A6C461AE43854005F3903 /* auto-solve_ipad@2x.png */ = {isa = PBXFileReference; lastKnownFileType = image.png; path = "auto-solve_ipad@2x.png"; sourceTree = "<group>"; };
		1A5A6C481AE43D55005F3903 /* auto-solve_ipad.png */ = {isa = PBXFileReference; lastKnownFileType = image.png; path = "auto-solve_ipad.png"; sourceTree = "<group>"; };
		1A5A6C491AE43D55005F3903 /* auto-solve_iphone.png */ = {isa = PBXFileReference; lastKnownFileType = image.png; path = "auto-solve_iphone.png"; sourceTree = "<group>"; };
		1A5A6C4A1AE43D55005F3903 /* auto-solve_iphone@2x.png */ = {isa = PBXFileReference; lastKnownFileType = image.png; path = "auto-solve_iphone@2x.png"; sourceTree = "<group>"; };
		1A5A6C531AE6D77C005F3903 /* stream.mp3 */ = {isa = PBXFileReference; lastKnownFileType = audio.mp3; path = stream.mp3; sourceTree = "<group>"; };
		1A5A6C5A1AF6C5BB005F3903 /* Icon-60.png */ = {isa = PBXFileReference; lastKnownFileType = image.png; path = "Icon-60.png"; sourceTree = "<group>"; };
		1A5A6C5B1AF6C5BB005F3903 /* Icon-60@2x.png */ = {isa = PBXFileReference; lastKnownFileType = image.png; path = "Icon-60@2x.png"; sourceTree = "<group>"; };
		1A5A6C5C1AF6C5BB005F3903 /* Icon-60@3x.png */ = {isa = PBXFileReference; lastKnownFileType = image.png; path = "Icon-60@3x.png"; sourceTree = "<group>"; };
		1A5A6C5D1AF6C5BB005F3903 /* Icon-72.png */ = {isa = PBXFileReference; lastKnownFileType = image.png; path = "Icon-72.png"; sourceTree = "<group>"; };
		1A5A6C5E1AF6C5BB005F3903 /* Icon-72@2x.png */ = {isa = PBXFileReference; lastKnownFileType = image.png; path = "Icon-72@2x.png"; sourceTree = "<group>"; };
		1A5A6C5F1AF6C5BB005F3903 /* Icon-76.png */ = {isa = PBXFileReference; lastKnownFileType = image.png; path = "Icon-76.png"; sourceTree = "<group>"; };
		1A5A6C601AF6C5BB005F3903 /* Icon-76@2x.png */ = {isa = PBXFileReference; lastKnownFileType = image.png; path = "Icon-76@2x.png"; sourceTree = "<group>"; };
		1A5A6C611AF6C5BB005F3903 /* Icon-Small-40.png */ = {isa = PBXFileReference; lastKnownFileType = image.png; path = "Icon-Small-40.png"; sourceTree = "<group>"; };
		1A5A6C621AF6C5BB005F3903 /* Icon-Small-40@2x.png */ = {isa = PBXFileReference; lastKnownFileType = image.png; path = "Icon-Small-40@2x.png"; sourceTree = "<group>"; };
		1A5A6C631AF6C5BB005F3903 /* Icon-Small-40@3x.png */ = {isa = PBXFileReference; lastKnownFileType = image.png; path = "Icon-Small-40@3x.png"; sourceTree = "<group>"; };
		1A5A6C641AF6C5BB005F3903 /* Icon-Small-50.png */ = {isa = PBXFileReference; lastKnownFileType = image.png; path = "Icon-Small-50.png"; sourceTree = "<group>"; };
		1A5A6C651AF6C5BB005F3903 /* Icon-Small-50@2x.png */ = {isa = PBXFileReference; lastKnownFileType = image.png; path = "Icon-Small-50@2x.png"; sourceTree = "<group>"; };
		1A5A6C661AF6C5BB005F3903 /* Icon-Small.png */ = {isa = PBXFileReference; lastKnownFileType = image.png; path = "Icon-Small.png"; sourceTree = "<group>"; };
		1A5A6C671AF6C5BB005F3903 /* Icon-Small@2x.png */ = {isa = PBXFileReference; lastKnownFileType = image.png; path = "Icon-Small@2x.png"; sourceTree = "<group>"; };
		1A5A6C681AF6C5BB005F3903 /* Icon-Small@3x.png */ = {isa = PBXFileReference; lastKnownFileType = image.png; path = "Icon-Small@3x.png"; sourceTree = "<group>"; };
		1A5A6C691AF6C5BB005F3903 /* Icon.png */ = {isa = PBXFileReference; lastKnownFileType = image.png; path = Icon.png; sourceTree = "<group>"; };
		1A5A6C6A1AF6C5BB005F3903 /* Icon@2x.png */ = {isa = PBXFileReference; lastKnownFileType = image.png; path = "Icon@2x.png"; sourceTree = "<group>"; };
		1A5A6C6B1AF6C5BB005F3903 /* iTunesArtwork@2x.png */ = {isa = PBXFileReference; lastKnownFileType = image.png; path = "iTunesArtwork@2x.png"; sourceTree = "<group>"; };
		1A5A6C7E1AFA3FD7005F3903 /* reveal-letter.mp3 */ = {isa = PBXFileReference; lastKnownFileType = audio.mp3; path = "reveal-letter.mp3"; sourceTree = "<group>"; };
		1A5A6C7F1AFA3FD7005F3903 /* reveal-word.mp3 */ = {isa = PBXFileReference; lastKnownFileType = audio.mp3; path = "reveal-word.mp3"; sourceTree = "<group>"; };
		1A6E2F0D1A84BA4100725FCF /* FMDatabase.h */ = {isa = PBXFileReference; fileEncoding = 4; lastKnownFileType = sourcecode.c.h; path = FMDatabase.h; sourceTree = "<group>"; };
		1A6E2F0E1A84BA4100725FCF /* FMDatabase.m */ = {isa = PBXFileReference; fileEncoding = 4; lastKnownFileType = sourcecode.c.objc; path = FMDatabase.m; sourceTree = "<group>"; };
		1A6E2F0F1A84BA4100725FCF /* FMDatabaseAdditions.h */ = {isa = PBXFileReference; fileEncoding = 4; lastKnownFileType = sourcecode.c.h; path = FMDatabaseAdditions.h; sourceTree = "<group>"; };
		1A6E2F101A84BA4100725FCF /* FMDatabaseAdditions.m */ = {isa = PBXFileReference; fileEncoding = 4; lastKnownFileType = sourcecode.c.objc; path = FMDatabaseAdditions.m; sourceTree = "<group>"; };
		1A6E2F111A84BA4100725FCF /* FMDatabasePool.h */ = {isa = PBXFileReference; fileEncoding = 4; lastKnownFileType = sourcecode.c.h; path = FMDatabasePool.h; sourceTree = "<group>"; };
		1A6E2F121A84BA4100725FCF /* FMDatabasePool.m */ = {isa = PBXFileReference; fileEncoding = 4; lastKnownFileType = sourcecode.c.objc; path = FMDatabasePool.m; sourceTree = "<group>"; };
		1A6E2F131A84BA4100725FCF /* FMDatabaseQueue.h */ = {isa = PBXFileReference; fileEncoding = 4; lastKnownFileType = sourcecode.c.h; path = FMDatabaseQueue.h; sourceTree = "<group>"; };
		1A6E2F141A84BA4100725FCF /* FMDatabaseQueue.m */ = {isa = PBXFileReference; fileEncoding = 4; lastKnownFileType = sourcecode.c.objc; path = FMDatabaseQueue.m; sourceTree = "<group>"; };
		1A6E2F151A84BA4100725FCF /* FMDB.h */ = {isa = PBXFileReference; fileEncoding = 4; lastKnownFileType = sourcecode.c.h; path = FMDB.h; sourceTree = "<group>"; };
		1A6E2F161A84BA4100725FCF /* FMResultSet.h */ = {isa = PBXFileReference; fileEncoding = 4; lastKnownFileType = sourcecode.c.h; path = FMResultSet.h; sourceTree = "<group>"; };
		1A6E2F171A84BA4100725FCF /* FMResultSet.m */ = {isa = PBXFileReference; fileEncoding = 4; lastKnownFileType = sourcecode.c.objc; path = FMResultSet.m; sourceTree = "<group>"; };
		1A6E2F1D1A84BA6700725FCF /* libsqlite3.dylib */ = {isa = PBXFileReference; lastKnownFileType = "compiled.mach-o.dylib"; name = libsqlite3.dylib; path = usr/lib/libsqlite3.dylib; sourceTree = SDKROOT; };
		1A6E2F231A84BC3500725FCF /* MWObject.h */ = {isa = PBXFileReference; fileEncoding = 4; lastKnownFileType = sourcecode.c.h; path = MWObject.h; sourceTree = "<group>"; };
		1A6E2F241A84BC3500725FCF /* MWObject.m */ = {isa = PBXFileReference; fileEncoding = 4; lastKnownFileType = sourcecode.c.objc; path = MWObject.m; sourceTree = "<group>"; };
		1A6E2F261A84BC5A00725FCF /* MWDBManager.h */ = {isa = PBXFileReference; fileEncoding = 4; lastKnownFileType = sourcecode.c.h; path = MWDBManager.h; sourceTree = "<group>"; };
		1A6E2F271A84BC5A00725FCF /* MWDBManager.m */ = {isa = PBXFileReference; fileEncoding = 4; lastKnownFileType = sourcecode.c.objc; path = MWDBManager.m; sourceTree = "<group>"; };
		1AA07A8C1A762BA400722BEB /* WordFall.app */ = {isa = PBXFileReference; explicitFileType = wrapper.application; includeInIndex = 0; path = WordFall.app; sourceTree = BUILT_PRODUCTS_DIR; };
		1AA07A901A762BA400722BEB /* Info.plist */ = {isa = PBXFileReference; lastKnownFileType = text.plist.xml; path = Info.plist; sourceTree = "<group>"; };
		1AA07A911A762BA400722BEB /* main.m */ = {isa = PBXFileReference; lastKnownFileType = sourcecode.c.objc; path = main.m; sourceTree = "<group>"; };
		1AA07A931A762BA400722BEB /* AppDelegate.h */ = {isa = PBXFileReference; lastKnownFileType = sourcecode.c.h; path = AppDelegate.h; sourceTree = "<group>"; };
		1AA07A941A762BA400722BEB /* AppDelegate.m */ = {isa = PBXFileReference; lastKnownFileType = sourcecode.c.objc; path = AppDelegate.m; sourceTree = "<group>"; };
		1AA07A961A762BA400722BEB /* GameScene.h */ = {isa = PBXFileReference; lastKnownFileType = sourcecode.c.h; path = GameScene.h; sourceTree = "<group>"; };
		1AA07A971A762BA400722BEB /* GameScene.m */ = {isa = PBXFileReference; lastKnownFileType = sourcecode.c.objc; path = GameScene.m; sourceTree = "<group>"; };
		1AA07A991A762BA400722BEB /* GameScene.sks */ = {isa = PBXFileReference; lastKnownFileType = file.sks; path = GameScene.sks; sourceTree = "<group>"; };
		1AA07A9B1A762BA400722BEB /* GameViewController.h */ = {isa = PBXFileReference; lastKnownFileType = sourcecode.c.h; path = GameViewController.h; sourceTree = "<group>"; };
		1AA07A9C1A762BA400722BEB /* GameViewController.m */ = {isa = PBXFileReference; lastKnownFileType = sourcecode.c.objc; path = GameViewController.m; sourceTree = "<group>"; };
		1AA07A9F1A762BA400722BEB /* Base */ = {isa = PBXFileReference; lastKnownFileType = file.storyboard; name = Base; path = Base.lproj/Main.storyboard; sourceTree = "<group>"; };
		1AA07AA11A762BA400722BEB /* Images.xcassets */ = {isa = PBXFileReference; lastKnownFileType = folder.assetcatalog; path = Images.xcassets; sourceTree = "<group>"; };
		1AA07AA41A762BA400722BEB /* Base */ = {isa = PBXFileReference; lastKnownFileType = file.xib; name = Base; path = Base.lproj/LaunchScreen.xib; sourceTree = "<group>"; };
		1AA07AAA1A762BA400722BEB /* WordFallTests.xctest */ = {isa = PBXFileReference; explicitFileType = wrapper.cfbundle; includeInIndex = 0; path = WordFallTests.xctest; sourceTree = BUILT_PRODUCTS_DIR; };
		1AA07AAF1A762BA400722BEB /* Info.plist */ = {isa = PBXFileReference; lastKnownFileType = text.plist.xml; path = Info.plist; sourceTree = "<group>"; };
		1AA07AB01A762BA400722BEB /* WordFallTests.m */ = {isa = PBXFileReference; lastKnownFileType = sourcecode.c.objc; path = WordFallTests.m; sourceTree = "<group>"; };
		1AA07ABB1A76302A00722BEB /* create_db.py */ = {isa = PBXFileReference; fileEncoding = 4; lastKnownFileType = text.script.python; path = create_db.py; sourceTree = "<group>"; };
		1AA07ABC1A76302A00722BEB /* data.adj */ = {isa = PBXFileReference; fileEncoding = 4; lastKnownFileType = text; path = data.adj; sourceTree = "<group>"; };
		1AA07ABD1A76302A00722BEB /* data.adv */ = {isa = PBXFileReference; fileEncoding = 4; lastKnownFileType = text; path = data.adv; sourceTree = "<group>"; };
		1AA07ABE1A76302A00722BEB /* data.noun */ = {isa = PBXFileReference; fileEncoding = 4; lastKnownFileType = text; path = data.noun; sourceTree = "<group>"; };
		1AA07ABF1A76302A00722BEB /* data.verb */ = {isa = PBXFileReference; fileEncoding = 4; lastKnownFileType = text; path = data.verb; sourceTree = "<group>"; };
		1AA0B30E1A8507F70040FCE6 /* MWWord.h */ = {isa = PBXFileReference; fileEncoding = 4; lastKnownFileType = sourcecode.c.h; path = MWWord.h; sourceTree = "<group>"; };
		1AA0B30F1A8507F70040FCE6 /* MWWord.m */ = {isa = PBXFileReference; fileEncoding = 4; lastKnownFileType = sourcecode.c.objc; path = MWWord.m; sourceTree = "<group>"; };
		1AA0B3111A85080B0040FCE6 /* MWObjects.h */ = {isa = PBXFileReference; fileEncoding = 4; lastKnownFileType = sourcecode.c.h; path = MWObjects.h; sourceTree = "<group>"; };
		1AA0B3121A85080B0040FCE6 /* MWObjects.m */ = {isa = PBXFileReference; fileEncoding = 4; lastKnownFileType = sourcecode.c.objc; path = MWObjects.m; sourceTree = "<group>"; };
		1AA0B3141A8508320040FCE6 /* MWWords.h */ = {isa = PBXFileReference; fileEncoding = 4; lastKnownFileType = sourcecode.c.h; path = MWWords.h; sourceTree = "<group>"; };
		1AA0B3151A8508320040FCE6 /* MWWords.m */ = {isa = PBXFileReference; fileEncoding = 4; lastKnownFileType = sourcecode.c.objc; path = MWWords.m; sourceTree = "<group>"; };
		1AA0B3171A85099A0040FCE6 /* MWDefinition.h */ = {isa = PBXFileReference; fileEncoding = 4; lastKnownFileType = sourcecode.c.h; path = MWDefinition.h; sourceTree = "<group>"; };
		1AA0B3181A85099A0040FCE6 /* MWDefinition.m */ = {isa = PBXFileReference; fileEncoding = 4; lastKnownFileType = sourcecode.c.objc; path = MWDefinition.m; sourceTree = "<group>"; };
		1AA0B31A1A8509AA0040FCE6 /* MWDefinitions.h */ = {isa = PBXFileReference; fileEncoding = 4; lastKnownFileType = sourcecode.c.h; path = MWDefinitions.h; sourceTree = "<group>"; };
		1AA0B31B1A8509AA0040FCE6 /* MWDefinitions.m */ = {isa = PBXFileReference; fileEncoding = 4; lastKnownFileType = sourcecode.c.objc; path = MWDefinitions.m; sourceTree = "<group>"; };
		1AA0B31D1A8509CF0040FCE6 /* MWManager.h */ = {isa = PBXFileReference; fileEncoding = 4; lastKnownFileType = sourcecode.c.h; path = MWManager.h; sourceTree = "<group>"; };
		1AA0B31E1A8509CF0040FCE6 /* MWManager.m */ = {isa = PBXFileReference; fileEncoding = 4; lastKnownFileType = sourcecode.c.objc; path = MWManager.m; sourceTree = "<group>"; };
		1AA0B3201A850A6A0040FCE6 /* MWWordManager.h */ = {isa = PBXFileReference; fileEncoding = 4; lastKnownFileType = sourcecode.c.h; path = MWWordManager.h; sourceTree = "<group>"; };
		1AA0B3211A850A6A0040FCE6 /* MWWordManager.m */ = {isa = PBXFileReference; fileEncoding = 4; lastKnownFileType = sourcecode.c.objc; path = MWWordManager.m; sourceTree = "<group>"; };
		1AA0F31A1AC98C76000AF252 /* iAd.framework */ = {isa = PBXFileReference; lastKnownFileType = wrapper.framework; name = iAd.framework; path = System/Library/Frameworks/iAd.framework; sourceTree = SDKROOT; };
		1AA33E4B1AC1FB56002B29B5 /* MWPurchaseNode.h */ = {isa = PBXFileReference; fileEncoding = 4; lastKnownFileType = sourcecode.c.h; path = MWPurchaseNode.h; sourceTree = "<group>"; };
		1AA33E4C1AC1FB56002B29B5 /* MWPurchaseNode.m */ = {isa = PBXFileReference; fileEncoding = 4; lastKnownFileType = sourcecode.c.objc; path = MWPurchaseNode.m; sourceTree = "<group>"; };
		1AA33E4E1AC1FB69002B29B5 /* MWSolveWordNode.h */ = {isa = PBXFileReference; fileEncoding = 4; lastKnownFileType = sourcecode.c.h; path = MWSolveWordNode.h; sourceTree = "<group>"; };
		1AA33E4F1AC1FB69002B29B5 /* MWSolveWordNode.m */ = {isa = PBXFileReference; fileEncoding = 4; lastKnownFileType = sourcecode.c.objc; path = MWSolveWordNode.m; sourceTree = "<group>"; };
		1AA33E511AC20C17002B29B5 /* MWPurchaseManager.h */ = {isa = PBXFileReference; fileEncoding = 4; lastKnownFileType = sourcecode.c.h; path = MWPurchaseManager.h; sourceTree = "<group>"; };
		1AA33E521AC20C17002B29B5 /* MWPurchaseManager.m */ = {isa = PBXFileReference; fileEncoding = 4; lastKnownFileType = sourcecode.c.objc; path = MWPurchaseManager.m; sourceTree = "<group>"; };
		1AA34AFE1A8AA8E20036AE8A /* MWSolutionLetterNode.h */ = {isa = PBXFileReference; fileEncoding = 4; lastKnownFileType = sourcecode.c.h; path = MWSolutionLetterNode.h; sourceTree = "<group>"; };
		1AA34AFF1A8AA8E20036AE8A /* MWSolutionLetterNode.m */ = {isa = PBXFileReference; fileEncoding = 4; lastKnownFileType = sourcecode.c.objc; path = MWSolutionLetterNode.m; sourceTree = "<group>"; };
		1AA8079F1AC59A1300A0DBC1 /* StoreKit.framework */ = {isa = PBXFileReference; lastKnownFileType = wrapper.framework; name = StoreKit.framework; path = System/Library/Frameworks/StoreKit.framework; sourceTree = SDKROOT; };
		1AA807A21AC5FAF100A0DBC1 /* NSString+Extensions.h */ = {isa = PBXFileReference; fileEncoding = 4; lastKnownFileType = sourcecode.c.h; path = "NSString+Extensions.h"; sourceTree = "<group>"; };
		1AA807A31AC5FAF100A0DBC1 /* NSString+Extensions.m */ = {isa = PBXFileReference; fileEncoding = 4; lastKnownFileType = sourcecode.c.objc; path = "NSString+Extensions.m"; sourceTree = "<group>"; };
		1AA8C7E91AC0576100B10E49 /* MWDefinitionNode.h */ = {isa = PBXFileReference; fileEncoding = 4; lastKnownFileType = sourcecode.c.h; path = MWDefinitionNode.h; sourceTree = "<group>"; };
		1AA8C7EA1AC0576100B10E49 /* MWDefinitionNode.m */ = {isa = PBXFileReference; fileEncoding = 4; lastKnownFileType = sourcecode.c.objc; path = MWDefinitionNode.m; sourceTree = "<group>"; };
		1AA8C7ED1AC0965D00B10E49 /* Random.h */ = {isa = PBXFileReference; fileEncoding = 4; lastKnownFileType = sourcecode.c.h; path = Random.h; sourceTree = "<group>"; };
		1AA8C7EE1AC0965D00B10E49 /* Random.m */ = {isa = PBXFileReference; fileEncoding = 4; lastKnownFileType = sourcecode.c.objc; path = Random.m; sourceTree = "<group>"; };
		1AA8C7F01AC0CE8100B10E49 /* MWNextWordNode.h */ = {isa = PBXFileReference; fileEncoding = 4; lastKnownFileType = sourcecode.c.h; path = MWNextWordNode.h; sourceTree = "<group>"; };
		1AA8C7F11AC0CE8100B10E49 /* MWNextWordNode.m */ = {isa = PBXFileReference; fileEncoding = 4; lastKnownFileType = sourcecode.c.objc; path = MWNextWordNode.m; sourceTree = "<group>"; };
		1AA8D49C1ACB0B4000CF1842 /* words.sqlite */ = {isa = PBXFileReference; lastKnownFileType = file; name = words.sqlite; path = ../DBScript/words.sqlite; sourceTree = "<group>"; };
		1AA8D49F1ACC86E800CF1842 /* background-480@2x.png */ = {isa = PBXFileReference; lastKnownFileType = image.png; path = "background-480@2x.png"; sourceTree = "<group>"; };
		1AA8D4A01ACC86E800CF1842 /* background-568@2x.png */ = {isa = PBXFileReference; lastKnownFileType = image.png; path = "background-568@2x.png"; sourceTree = "<group>"; };
		1AA8D4A11ACC86E800CF1842 /* background-667@2x.png */ = {isa = PBXFileReference; lastKnownFileType = image.png; path = "background-667@2x.png"; sourceTree = "<group>"; };
		1AA8D4A21ACC86E800CF1842 /* background-736@3x.png */ = {isa = PBXFileReference; lastKnownFileType = image.png; path = "background-736@3x.png"; sourceTree = "<group>"; };
		1AA8D4A31ACC86E800CF1842 /* background-1024.png */ = {isa = PBXFileReference; lastKnownFileType = image.png; path = "background-1024.png"; sourceTree = "<group>"; };
		1AA8D4A41ACC86E800CF1842 /* background-1024@2x.png */ = {isa = PBXFileReference; lastKnownFileType = image.png; path = "background-1024@2x.png"; sourceTree = "<group>"; };
		1AA8D4B81ACF44AA00CF1842 /* stream-0_ipad.png */ = {isa = PBXFileReference; lastKnownFileType = image.png; path = "stream-0_ipad.png"; sourceTree = "<group>"; };
		1AA8D4B91ACF44AA00CF1842 /* stream-0_ipad@2x.png */ = {isa = PBXFileReference; lastKnownFileType = image.png; path = "stream-0_ipad@2x.png"; sourceTree = "<group>"; };
		1AA8D4BA1ACF44AA00CF1842 /* stream-0_iphone.png */ = {isa = PBXFileReference; lastKnownFileType = image.png; path = "stream-0_iphone.png"; sourceTree = "<group>"; };
		1AA8D4BB1ACF44AA00CF1842 /* stream-0_iphone@2x.png */ = {isa = PBXFileReference; lastKnownFileType = image.png; path = "stream-0_iphone@2x.png"; sourceTree = "<group>"; };
		1AA8D4BC1ACF44AA00CF1842 /* stream-1_ipad.png */ = {isa = PBXFileReference; lastKnownFileType = image.png; path = "stream-1_ipad.png"; sourceTree = "<group>"; };
		1AA8D4BD1ACF44AA00CF1842 /* stream-1_ipad@2x.png */ = {isa = PBXFileReference; lastKnownFileType = image.png; path = "stream-1_ipad@2x.png"; sourceTree = "<group>"; };
		1AA8D4BE1ACF44AA00CF1842 /* stream-1_iphone.png */ = {isa = PBXFileReference; lastKnownFileType = image.png; path = "stream-1_iphone.png"; sourceTree = "<group>"; };
		1AA8D4BF1ACF44AA00CF1842 /* stream-1_iphone@2x.png */ = {isa = PBXFileReference; lastKnownFileType = image.png; path = "stream-1_iphone@2x.png"; sourceTree = "<group>"; };
		1AA8D4C01ACF44AA00CF1842 /* stream-2_ipad.png */ = {isa = PBXFileReference; lastKnownFileType = image.png; path = "stream-2_ipad.png"; sourceTree = "<group>"; };
		1AA8D4C11ACF44AA00CF1842 /* stream-2_ipad@2x.png */ = {isa = PBXFileReference; lastKnownFileType = image.png; path = "stream-2_ipad@2x.png"; sourceTree = "<group>"; };
		1AA8D4C21ACF44AA00CF1842 /* stream-2_iphone.png */ = {isa = PBXFileReference; lastKnownFileType = image.png; path = "stream-2_iphone.png"; sourceTree = "<group>"; };
		1AA8D4C31ACF44AA00CF1842 /* stream-2_iphone@2x.png */ = {isa = PBXFileReference; lastKnownFileType = image.png; path = "stream-2_iphone@2x.png"; sourceTree = "<group>"; };
		1AA8D4C41ACF44AA00CF1842 /* stream-3_ipad.png */ = {isa = PBXFileReference; lastKnownFileType = image.png; path = "stream-3_ipad.png"; sourceTree = "<group>"; };
		1AA8D4C51ACF44AA00CF1842 /* stream-3_ipad@2x.png */ = {isa = PBXFileReference; lastKnownFileType = image.png; path = "stream-3_ipad@2x.png"; sourceTree = "<group>"; };
		1AA8D4C61ACF44AA00CF1842 /* stream-3_iphone.png */ = {isa = PBXFileReference; lastKnownFileType = image.png; path = "stream-3_iphone.png"; sourceTree = "<group>"; };
		1AA8D4C71ACF44AA00CF1842 /* stream-3_iphone@2x.png */ = {isa = PBXFileReference; lastKnownFileType = image.png; path = "stream-3_iphone@2x.png"; sourceTree = "<group>"; };
		1AA8D4C81ACF44AA00CF1842 /* stream-4_ipad.png */ = {isa = PBXFileReference; lastKnownFileType = image.png; path = "stream-4_ipad.png"; sourceTree = "<group>"; };
		1AA8D4C91ACF44AA00CF1842 /* stream-4_ipad@2x.png */ = {isa = PBXFileReference; lastKnownFileType = image.png; path = "stream-4_ipad@2x.png"; sourceTree = "<group>"; };
		1AA8D4CA1ACF44AA00CF1842 /* stream-4_iphone.png */ = {isa = PBXFileReference; lastKnownFileType = image.png; path = "stream-4_iphone.png"; sourceTree = "<group>"; };
		1AA8D4CB1ACF44AA00CF1842 /* stream-4_iphone@2x.png */ = {isa = PBXFileReference; lastKnownFileType = image.png; path = "stream-4_iphone@2x.png"; sourceTree = "<group>"; };
		1AA8D4E31AD021E900CF1842 /* letterbox_iphone.png */ = {isa = PBXFileReference; lastKnownFileType = image.png; path = letterbox_iphone.png; sourceTree = "<group>"; };
		1AA8D4E51AD022CC00CF1842 /* letterbox_iphone@2x.png */ = {isa = PBXFileReference; lastKnownFileType = image.png; path = "letterbox_iphone@2x.png"; sourceTree = "<group>"; };
		1AA8D4E71AD0259B00CF1842 /* letterbox_ipad.png */ = {isa = PBXFileReference; lastKnownFileType = image.png; path = letterbox_ipad.png; sourceTree = "<group>"; };
		1AA8D4E81AD0259B00CF1842 /* letterbox_ipad@2x.png */ = {isa = PBXFileReference; lastKnownFileType = image.png; path = "letterbox_ipad@2x.png"; sourceTree = "<group>"; };
		1AA8D4EC1AD2BD3200CF1842 /* Default-568h@2x.png */ = {isa = PBXFileReference; lastKnownFileType = image.png; path = "Default-568h@2x.png"; sourceTree = "<group>"; };
		1AA8D4ED1AD2BD3200CF1842 /* Default-667h@2x.png */ = {isa = PBXFileReference; lastKnownFileType = image.png; path = "Default-667h@2x.png"; sourceTree = "<group>"; };
		1AA8D4EE1AD2BD3200CF1842 /* Default-736h@3x.png */ = {isa = PBXFileReference; lastKnownFileType = image.png; path = "Default-736h@3x.png"; sourceTree = "<group>"; };
		1AA8D4EF1AD2BD3200CF1842 /* Default-Landscape@2x~ipad.png */ = {isa = PBXFileReference; lastKnownFileType = image.png; path = "Default-Landscape@2x~ipad.png"; sourceTree = "<group>"; };
		1AA8D4F01AD2BD3200CF1842 /* Default-Landscape~ipad.png */ = {isa = PBXFileReference; lastKnownFileType = image.png; path = "Default-Landscape~ipad.png"; sourceTree = "<group>"; };
		1AA8D4F11AD2BD3200CF1842 /* Default@2x.png */ = {isa = PBXFileReference; lastKnownFileType = image.png; path = "Default@2x.png"; sourceTree = "<group>"; };
		1AA8D4F81AD4779700CF1842 /* MWSoundManager.h */ = {isa = PBXFileReference; fileEncoding = 4; lastKnownFileType = sourcecode.c.h; path = MWSoundManager.h; sourceTree = "<group>"; };
		1AA8D4F91AD4779700CF1842 /* MWSoundManager.m */ = {isa = PBXFileReference; fileEncoding = 4; lastKnownFileType = sourcecode.c.objc; path = MWSoundManager.m; sourceTree = "<group>"; };
		1AA8D4FB1AD5559500CF1842 /* MWSoundNode.h */ = {isa = PBXFileReference; fileEncoding = 4; lastKnownFileType = sourcecode.c.h; path = MWSoundNode.h; sourceTree = "<group>"; };
		1AA8D4FC1AD5559500CF1842 /* MWSoundNode.m */ = {isa = PBXFileReference; fileEncoding = 4; lastKnownFileType = sourcecode.c.objc; path = MWSoundNode.m; sourceTree = "<group>"; };
		1AA8D4FF1AD55B3C00CF1842 /* sound_off_ipad.png */ = {isa = PBXFileReference; lastKnownFileType = image.png; path = sound_off_ipad.png; sourceTree = "<group>"; };
		1AA8D5001AD55B3C00CF1842 /* sound_off_ipad@2x.png */ = {isa = PBXFileReference; lastKnownFileType = image.png; path = "sound_off_ipad@2x.png"; sourceTree = "<group>"; };
		1AA8D5011AD55B3C00CF1842 /* sound_off_iphone.png */ = {isa = PBXFileReference; lastKnownFileType = image.png; path = sound_off_iphone.png; sourceTree = "<group>"; };
		1AA8D5021AD55B3C00CF1842 /* sound_off_iphone@2x.png */ = {isa = PBXFileReference; lastKnownFileType = image.png; path = "sound_off_iphone@2x.png"; sourceTree = "<group>"; };
		1AA8D5031AD55B3C00CF1842 /* sound_on_ipad.png */ = {isa = PBXFileReference; lastKnownFileType = image.png; path = sound_on_ipad.png; sourceTree = "<group>"; };
		1AA8D5041AD55B3C00CF1842 /* sound_on_ipad@2x.png */ = {isa = PBXFileReference; lastKnownFileType = image.png; path = "sound_on_ipad@2x.png"; sourceTree = "<group>"; };
		1AA8D5051AD55B3C00CF1842 /* sound_on_iphone.png */ = {isa = PBXFileReference; lastKnownFileType = image.png; path = sound_on_iphone.png; sourceTree = "<group>"; };
		1AA8D5061AD55B3C00CF1842 /* sound_on_iphone@2x.png */ = {isa = PBXFileReference; lastKnownFileType = image.png; path = "sound_on_iphone@2x.png"; sourceTree = "<group>"; };
		1AA8D5181AD7149D00CF1842 /* next_ipad.png */ = {isa = PBXFileReference; lastKnownFileType = image.png; path = next_ipad.png; sourceTree = "<group>"; };
		1AA8D5191AD7149D00CF1842 /* next_ipad@2x.png */ = {isa = PBXFileReference; lastKnownFileType = image.png; path = "next_ipad@2x.png"; sourceTree = "<group>"; };
		1AA8D51A1AD7149D00CF1842 /* next_iphone.png */ = {isa = PBXFileReference; lastKnownFileType = image.png; path = next_iphone.png; sourceTree = "<group>"; };
		1AA8D51B1AD7149D00CF1842 /* next_iphone@2x.png */ = {isa = PBXFileReference; lastKnownFileType = image.png; path = "next_iphone@2x.png"; sourceTree = "<group>"; };
		1AA8D5201AD71A7C00CF1842 /* solve_ipad.png */ = {isa = PBXFileReference; lastKnownFileType = image.png; path = solve_ipad.png; sourceTree = "<group>"; };
		1AA8D5211AD71A7C00CF1842 /* solve_ipad@2x.png */ = {isa = PBXFileReference; lastKnownFileType = image.png; path = "solve_ipad@2x.png"; sourceTree = "<group>"; };
		1AA8D5221AD71A7C00CF1842 /* solve_iphone.png */ = {isa = PBXFileReference; lastKnownFileType = image.png; path = solve_iphone.png; sourceTree = "<group>"; };
		1AA8D5231AD71A7C00CF1842 /* solve_iphone@2x.png */ = {isa = PBXFileReference; lastKnownFileType = image.png; path = "solve_iphone@2x.png"; sourceTree = "<group>"; };
		1AA945B91AC886A700006FEF /* SKProduct+Extensions.h */ = {isa = PBXFileReference; fileEncoding = 4; lastKnownFileType = sourcecode.c.h; path = "SKProduct+Extensions.h"; sourceTree = "<group>"; };
		1AA945BA1AC886A700006FEF /* SKProduct+Extensions.m */ = {isa = PBXFileReference; fileEncoding = 4; lastKnownFileType = sourcecode.c.objc; path = "SKProduct+Extensions.m"; sourceTree = "<group>"; };
/* End PBXFileReference section */

/* Begin PBXFrameworksBuildPhase section */
		1AA07A891A762BA400722BEB /* Frameworks */ = {
			isa = PBXFrameworksBuildPhase;
			buildActionMask = 2147483647;
			files = (
				1AA0F31B1AC98C76000AF252 /* iAd.framework in Frameworks */,
				1AA807A01AC59A1300A0DBC1 /* StoreKit.framework in Frameworks */,
				1A6E2F201A84BABD00725FCF /* libsqlite3.dylib in Frameworks */,
			);
			runOnlyForDeploymentPostprocessing = 0;
		};
		1AA07AA71A762BA400722BEB /* Frameworks */ = {
			isa = PBXFrameworksBuildPhase;
			buildActionMask = 2147483647;
			files = (
			);
			runOnlyForDeploymentPostprocessing = 0;
		};
/* End PBXFrameworksBuildPhase section */

/* Begin PBXGroup section */
		1A4AB29B1A8A0888008B9F6E /* SKNodes */ = {
			isa = PBXGroup;
			children = (
				1AA8C7E91AC0576100B10E49 /* MWDefinitionNode.h */,
				1AA8C7EA1AC0576100B10E49 /* MWDefinitionNode.m */,
				1AA34AFE1A8AA8E20036AE8A /* MWSolutionLetterNode.h */,
				1AA34AFF1A8AA8E20036AE8A /* MWSolutionLetterNode.m */,
				1A4AB29F1A8A0E8B008B9F6E /* MWSolutionNode.h */,
				1A4AB2A01A8A0E8B008B9F6E /* MWSolutionNode.m */,
				1A4AB29C1A8A0E17008B9F6E /* MWStreamNode.h */,
				1A4AB29D1A8A0E17008B9F6E /* MWStreamNode.m */,
				1AA8C7F01AC0CE8100B10E49 /* MWNextWordNode.h */,
				1AA8C7F11AC0CE8100B10E49 /* MWNextWordNode.m */,
				1AA33E4B1AC1FB56002B29B5 /* MWPurchaseNode.h */,
				1AA33E4C1AC1FB56002B29B5 /* MWPurchaseNode.m */,
				1AA33E4E1AC1FB69002B29B5 /* MWSolveWordNode.h */,
				1AA33E4F1AC1FB69002B29B5 /* MWSolveWordNode.m */,
				1AA8D4FB1AD5559500CF1842 /* MWSoundNode.h */,
				1AA8D4FC1AD5559500CF1842 /* MWSoundNode.m */,
			);
			path = SKNodes;
			sourceTree = "<group>";
		};
		1A5A6C4E1AE6D5B3005F3903 /* Sound */ = {
			isa = PBXGroup;
			children = (
				1A5A6C7E1AFA3FD7005F3903 /* reveal-letter.mp3 */,
				1A5A6C7F1AFA3FD7005F3903 /* reveal-word.mp3 */,
				1A5A6C531AE6D77C005F3903 /* stream.mp3 */,
			);
			path = Sound;
			sourceTree = "<group>";
		};
		1A5A6C591AF6C5A3005F3903 /* Icon */ = {
			isa = PBXGroup;
			children = (
				1A5A6C5A1AF6C5BB005F3903 /* Icon-60.png */,
				1A5A6C5B1AF6C5BB005F3903 /* Icon-60@2x.png */,
				1A5A6C5C1AF6C5BB005F3903 /* Icon-60@3x.png */,
				1A5A6C5D1AF6C5BB005F3903 /* Icon-72.png */,
				1A5A6C5E1AF6C5BB005F3903 /* Icon-72@2x.png */,
				1A5A6C5F1AF6C5BB005F3903 /* Icon-76.png */,
				1A5A6C601AF6C5BB005F3903 /* Icon-76@2x.png */,
				1A5A6C611AF6C5BB005F3903 /* Icon-Small-40.png */,
				1A5A6C621AF6C5BB005F3903 /* Icon-Small-40@2x.png */,
				1A5A6C631AF6C5BB005F3903 /* Icon-Small-40@3x.png */,
				1A5A6C641AF6C5BB005F3903 /* Icon-Small-50.png */,
				1A5A6C651AF6C5BB005F3903 /* Icon-Small-50@2x.png */,
				1A5A6C661AF6C5BB005F3903 /* Icon-Small.png */,
				1A5A6C671AF6C5BB005F3903 /* Icon-Small@2x.png */,
				1A5A6C681AF6C5BB005F3903 /* Icon-Small@3x.png */,
				1A5A6C691AF6C5BB005F3903 /* Icon.png */,
				1A5A6C6A1AF6C5BB005F3903 /* Icon@2x.png */,
				1A5A6C6B1AF6C5BB005F3903 /* iTunesArtwork@2x.png */,
			);
			path = Icon;
			sourceTree = "<group>";
		};
		1A6E2F0B1A84BA1100725FCF /* External */ = {
			isa = PBXGroup;
			children = (
				1A6E2F0C1A84BA2C00725FCF /* fmdb */,
			);
			path = External;
			sourceTree = "<group>";
		};
		1A6E2F0C1A84BA2C00725FCF /* fmdb */ = {
			isa = PBXGroup;
			children = (
				1A6E2F0D1A84BA4100725FCF /* FMDatabase.h */,
				1A6E2F0E1A84BA4100725FCF /* FMDatabase.m */,
				1A6E2F0F1A84BA4100725FCF /* FMDatabaseAdditions.h */,
				1A6E2F101A84BA4100725FCF /* FMDatabaseAdditions.m */,
				1A6E2F111A84BA4100725FCF /* FMDatabasePool.h */,
				1A6E2F121A84BA4100725FCF /* FMDatabasePool.m */,
				1A6E2F131A84BA4100725FCF /* FMDatabaseQueue.h */,
				1A6E2F141A84BA4100725FCF /* FMDatabaseQueue.m */,
				1A6E2F151A84BA4100725FCF /* FMDB.h */,
				1A6E2F161A84BA4100725FCF /* FMResultSet.h */,
				1A6E2F171A84BA4100725FCF /* FMResultSet.m */,
			);
			path = fmdb;
			sourceTree = "<group>";
		};
		1A6E2F1F1A84BA7800725FCF /* Libraries */ = {
			isa = PBXGroup;
			children = (
				1AA0F31A1AC98C76000AF252 /* iAd.framework */,
				1AA8079F1AC59A1300A0DBC1 /* StoreKit.framework */,
				1A6E2F1D1A84BA6700725FCF /* libsqlite3.dylib */,
			);
			name = Libraries;
			sourceTree = "<group>";
		};
		1A6E2F211A84BBF200725FCF /* Core */ = {
			isa = PBXGroup;
			children = (
				1A6E2F261A84BC5A00725FCF /* MWDBManager.h */,
				1A6E2F271A84BC5A00725FCF /* MWDBManager.m */,
				1AA0B31D1A8509CF0040FCE6 /* MWManager.h */,
				1AA0B31E1A8509CF0040FCE6 /* MWManager.m */,
				1AA0B3201A850A6A0040FCE6 /* MWWordManager.h */,
				1AA0B3211A850A6A0040FCE6 /* MWWordManager.m */,
				1AA33E511AC20C17002B29B5 /* MWPurchaseManager.h */,
				1AA33E521AC20C17002B29B5 /* MWPurchaseManager.m */,
				1AA8D4F81AD4779700CF1842 /* MWSoundManager.h */,
				1AA8D4F91AD4779700CF1842 /* MWSoundManager.m */,
			);
			path = Core;
			sourceTree = "<group>";
		};
		1A6E2F221A84BBF800725FCF /* Objects */ = {
			isa = PBXGroup;
			children = (
				1AA0B3171A85099A0040FCE6 /* MWDefinition.h */,
				1AA0B3181A85099A0040FCE6 /* MWDefinition.m */,
				1AA0B31A1A8509AA0040FCE6 /* MWDefinitions.h */,
				1AA0B31B1A8509AA0040FCE6 /* MWDefinitions.m */,
				1A6E2F231A84BC3500725FCF /* MWObject.h */,
				1A6E2F241A84BC3500725FCF /* MWObject.m */,
				1AA0B3111A85080B0040FCE6 /* MWObjects.h */,
				1AA0B3121A85080B0040FCE6 /* MWObjects.m */,
				1AA0B30E1A8507F70040FCE6 /* MWWord.h */,
				1AA0B30F1A8507F70040FCE6 /* MWWord.m */,
				1AA0B3141A8508320040FCE6 /* MWWords.h */,
				1AA0B3151A8508320040FCE6 /* MWWords.m */,
			);
			path = Objects;
			sourceTree = "<group>";
		};
		1AA07A831A762BA400722BEB = {
			isa = PBXGroup;
			children = (
				1AA07ABA1A76300D00722BEB /* DBScript */,
				1AA07A8E1A762BA400722BEB /* WordFall */,
				1AA07AAD1A762BA400722BEB /* WordFallTests */,
				1AA07A8D1A762BA400722BEB /* Products */,
			);
			sourceTree = "<group>";
		};
		1AA07A8D1A762BA400722BEB /* Products */ = {
			isa = PBXGroup;
			children = (
				1AA07A8C1A762BA400722BEB /* WordFall.app */,
				1AA07AAA1A762BA400722BEB /* WordFallTests.xctest */,
			);
			name = Products;
			sourceTree = "<group>";
		};
		1AA07A8E1A762BA400722BEB /* WordFall */ = {
			isa = PBXGroup;
			children = (
				1A6E2F211A84BBF200725FCF /* Core */,
				1A6E2F221A84BBF800725FCF /* Objects */,
				1A4AB29B1A8A0888008B9F6E /* SKNodes */,
				1A6E2F0B1A84BA1100725FCF /* External */,
				1AA807A11AC5FABF00A0DBC1 /* Extensions */,
				1AA8C7EC1AC0961F00B10E49 /* Util */,
				1AA07A931A762BA400722BEB /* AppDelegate.h */,
				1AA07A941A762BA400722BEB /* AppDelegate.m */,
				1AA07A961A762BA400722BEB /* GameScene.h */,
				1AA07A971A762BA400722BEB /* GameScene.m */,
				1AA07A991A762BA400722BEB /* GameScene.sks */,
				1AA07A9B1A762BA400722BEB /* GameViewController.h */,
				1AA07A9C1A762BA400722BEB /* GameViewController.m */,
				1AA07A9E1A762BA400722BEB /* Main.storyboard */,
				1AA07AA11A762BA400722BEB /* Images.xcassets */,
				1AA07AA31A762BA400722BEB /* LaunchScreen.xib */,
				1AA8D49C1ACB0B4000CF1842 /* words.sqlite */,
				1A6E2F1F1A84BA7800725FCF /* Libraries */,
				1AA07A8F1A762BA400722BEB /* Supporting Files */,
				1AA8D49E1ACC86C200CF1842 /* Images */,
				1A5A6C4E1AE6D5B3005F3903 /* Sound */,
			);
			path = WordFall;
			sourceTree = "<group>";
		};
		1AA07A8F1A762BA400722BEB /* Supporting Files */ = {
			isa = PBXGroup;
			children = (
				1AA07A901A762BA400722BEB /* Info.plist */,
				1AA07A911A762BA400722BEB /* main.m */,
			);
			name = "Supporting Files";
			sourceTree = "<group>";
		};
		1AA07AAD1A762BA400722BEB /* WordFallTests */ = {
			isa = PBXGroup;
			children = (
				1AA07AB01A762BA400722BEB /* WordFallTests.m */,
				1AA07AAE1A762BA400722BEB /* Supporting Files */,
			);
			path = WordFallTests;
			sourceTree = "<group>";
		};
		1AA07AAE1A762BA400722BEB /* Supporting Files */ = {
			isa = PBXGroup;
			children = (
				1AA07AAF1A762BA400722BEB /* Info.plist */,
			);
			name = "Supporting Files";
			sourceTree = "<group>";
		};
		1AA07ABA1A76300D00722BEB /* DBScript */ = {
			isa = PBXGroup;
			children = (
				1AA07ABB1A76302A00722BEB /* create_db.py */,
				1AA07ABC1A76302A00722BEB /* data.adj */,
				1AA07ABD1A76302A00722BEB /* data.adv */,
				1AA07ABE1A76302A00722BEB /* data.noun */,
				1AA07ABF1A76302A00722BEB /* data.verb */,
			);
			path = DBScript;
			sourceTree = "<group>";
		};
		1AA807A11AC5FABF00A0DBC1 /* Extensions */ = {
			isa = PBXGroup;
			children = (
				1AA807A21AC5FAF100A0DBC1 /* NSString+Extensions.h */,
				1AA807A31AC5FAF100A0DBC1 /* NSString+Extensions.m */,
				1AA945B91AC886A700006FEF /* SKProduct+Extensions.h */,
				1AA945BA1AC886A700006FEF /* SKProduct+Extensions.m */,
			);
			path = Extensions;
			sourceTree = "<group>";
		};
		1AA8C7EC1AC0961F00B10E49 /* Util */ = {
			isa = PBXGroup;
			children = (
				1AA8C7ED1AC0965D00B10E49 /* Random.h */,
				1AA8C7EE1AC0965D00B10E49 /* Random.m */,
			);
			path = Util;
			sourceTree = "<group>";
		};
		1AA8D49E1ACC86C200CF1842 /* Images */ = {
			isa = PBXGroup;
			children = (
				1A5A6C591AF6C5A3005F3903 /* Icon */,
				1AA8D50F1AD5CC4D00CF1842 /* Buttons */,
				1AA8D4FE1AD55B2200CF1842 /* Sound */,
				1AA8D4EB1AD2BCF200CF1842 /* Launch */,
				1AA8D4E01AD0206A00CF1842 /* Solution */,
				1AA8D4B71ACF448A00CF1842 /* Stream */,
				1AA8D49F1ACC86E800CF1842 /* background-480@2x.png */,
				1AA8D4A01ACC86E800CF1842 /* background-568@2x.png */,
				1AA8D4A11ACC86E800CF1842 /* background-667@2x.png */,
				1AA8D4A21ACC86E800CF1842 /* background-736@3x.png */,
				1AA8D4A31ACC86E800CF1842 /* background-1024.png */,
				1AA8D4A41ACC86E800CF1842 /* background-1024@2x.png */,
			);
			path = Images;
			sourceTree = "<group>";
		};
		1AA8D4B71ACF448A00CF1842 /* Stream */ = {
			isa = PBXGroup;
			children = (
				1AA8D4B81ACF44AA00CF1842 /* stream-0_ipad.png */,
				1AA8D4B91ACF44AA00CF1842 /* stream-0_ipad@2x.png */,
				1AA8D4BA1ACF44AA00CF1842 /* stream-0_iphone.png */,
				1AA8D4BB1ACF44AA00CF1842 /* stream-0_iphone@2x.png */,
				1AA8D4BC1ACF44AA00CF1842 /* stream-1_ipad.png */,
				1AA8D4BD1ACF44AA00CF1842 /* stream-1_ipad@2x.png */,
				1AA8D4BE1ACF44AA00CF1842 /* stream-1_iphone.png */,
				1AA8D4BF1ACF44AA00CF1842 /* stream-1_iphone@2x.png */,
				1AA8D4C01ACF44AA00CF1842 /* stream-2_ipad.png */,
				1AA8D4C11ACF44AA00CF1842 /* stream-2_ipad@2x.png */,
				1AA8D4C21ACF44AA00CF1842 /* stream-2_iphone.png */,
				1AA8D4C31ACF44AA00CF1842 /* stream-2_iphone@2x.png */,
				1AA8D4C41ACF44AA00CF1842 /* stream-3_ipad.png */,
				1AA8D4C51ACF44AA00CF1842 /* stream-3_ipad@2x.png */,
				1AA8D4C61ACF44AA00CF1842 /* stream-3_iphone.png */,
				1AA8D4C71ACF44AA00CF1842 /* stream-3_iphone@2x.png */,
				1AA8D4C81ACF44AA00CF1842 /* stream-4_ipad.png */,
				1AA8D4C91ACF44AA00CF1842 /* stream-4_ipad@2x.png */,
				1AA8D4CA1ACF44AA00CF1842 /* stream-4_iphone.png */,
				1AA8D4CB1ACF44AA00CF1842 /* stream-4_iphone@2x.png */,
			);
			path = Stream;
			sourceTree = "<group>";
		};
		1AA8D4E01AD0206A00CF1842 /* Solution */ = {
			isa = PBXGroup;
			children = (
				1AA8D4E71AD0259B00CF1842 /* letterbox_ipad.png */,
				1AA8D4E81AD0259B00CF1842 /* letterbox_ipad@2x.png */,
				1AA8D4E51AD022CC00CF1842 /* letterbox_iphone@2x.png */,
				1AA8D4E31AD021E900CF1842 /* letterbox_iphone.png */,
			);
			path = Solution;
			sourceTree = "<group>";
		};
		1AA8D4EB1AD2BCF200CF1842 /* Launch */ = {
			isa = PBXGroup;
			children = (
				1AA8D4EC1AD2BD3200CF1842 /* Default-568h@2x.png */,
				1AA8D4ED1AD2BD3200CF1842 /* Default-667h@2x.png */,
				1AA8D4EE1AD2BD3200CF1842 /* Default-736h@3x.png */,
				1AA8D4EF1AD2BD3200CF1842 /* Default-Landscape@2x~ipad.png */,
				1AA8D4F01AD2BD3200CF1842 /* Default-Landscape~ipad.png */,
				1AA8D4F11AD2BD3200CF1842 /* Default@2x.png */,
			);
			path = Launch;
			sourceTree = "<group>";
		};
		1AA8D4FE1AD55B2200CF1842 /* Sound */ = {
			isa = PBXGroup;
			children = (
				1AA8D4FF1AD55B3C00CF1842 /* sound_off_ipad.png */,
				1AA8D5001AD55B3C00CF1842 /* sound_off_ipad@2x.png */,
				1AA8D5011AD55B3C00CF1842 /* sound_off_iphone.png */,
				1AA8D5021AD55B3C00CF1842 /* sound_off_iphone@2x.png */,
				1AA8D5031AD55B3C00CF1842 /* sound_on_ipad.png */,
				1AA8D5041AD55B3C00CF1842 /* sound_on_ipad@2x.png */,
				1AA8D5051AD55B3C00CF1842 /* sound_on_iphone.png */,
				1AA8D5061AD55B3C00CF1842 /* sound_on_iphone@2x.png */,
			);
			path = Sound;
			sourceTree = "<group>";
		};
		1AA8D50F1AD5CC4D00CF1842 /* Buttons */ = {
			isa = PBXGroup;
			children = (
				1A5A6C481AE43D55005F3903 /* auto-solve_ipad.png */,
				1A5A6C491AE43D55005F3903 /* auto-solve_iphone.png */,
				1A5A6C4A1AE43D55005F3903 /* auto-solve_iphone@2x.png */,
				1A5A6C461AE43854005F3903 /* auto-solve_ipad@2x.png */,
				1AA8D5201AD71A7C00CF1842 /* solve_ipad.png */,
				1AA8D5211AD71A7C00CF1842 /* solve_ipad@2x.png */,
				1AA8D5221AD71A7C00CF1842 /* solve_iphone.png */,
				1AA8D5231AD71A7C00CF1842 /* solve_iphone@2x.png */,
				1AA8D5181AD7149D00CF1842 /* next_ipad.png */,
				1AA8D5191AD7149D00CF1842 /* next_ipad@2x.png */,
				1AA8D51A1AD7149D00CF1842 /* next_iphone.png */,
				1AA8D51B1AD7149D00CF1842 /* next_iphone@2x.png */,
			);
			path = Buttons;
			sourceTree = "<group>";
		};
/* End PBXGroup section */

/* Begin PBXNativeTarget section */
		1AA07A8B1A762BA400722BEB /* WordFall */ = {
			isa = PBXNativeTarget;
			buildConfigurationList = 1AA07AB41A762BA400722BEB /* Build configuration list for PBXNativeTarget "WordFall" */;
			buildPhases = (
				1AA07A881A762BA400722BEB /* Sources */,
				1AA07A891A762BA400722BEB /* Frameworks */,
				1AA07A8A1A762BA400722BEB /* Resources */,
			);
			buildRules = (
			);
			dependencies = (
			);
			name = WordFall;
			productName = WordFall;
			productReference = 1AA07A8C1A762BA400722BEB /* WordFall.app */;
			productType = "com.apple.product-type.application";
		};
		1AA07AA91A762BA400722BEB /* WordFallTests */ = {
			isa = PBXNativeTarget;
			buildConfigurationList = 1AA07AB71A762BA400722BEB /* Build configuration list for PBXNativeTarget "WordFallTests" */;
			buildPhases = (
				1AA07AA61A762BA400722BEB /* Sources */,
				1AA07AA71A762BA400722BEB /* Frameworks */,
				1AA07AA81A762BA400722BEB /* Resources */,
			);
			buildRules = (
			);
			dependencies = (
				1AA07AAC1A762BA400722BEB /* PBXTargetDependency */,
			);
			name = WordFallTests;
			productName = WordFallTests;
			productReference = 1AA07AAA1A762BA400722BEB /* WordFallTests.xctest */;
			productType = "com.apple.product-type.bundle.unit-test";
		};
/* End PBXNativeTarget section */

/* Begin PBXProject section */
		1AA07A841A762BA400722BEB /* Project object */ = {
			isa = PBXProject;
			attributes = {
				LastUpgradeCheck = 0610;
				ORGANIZATIONNAME = eigo;
				TargetAttributes = {
					1AA07A8B1A762BA400722BEB = {
						CreatedOnToolsVersion = 6.1.1;
					};
					1AA07AA91A762BA400722BEB = {
						CreatedOnToolsVersion = 6.1.1;
						TestTargetID = 1AA07A8B1A762BA400722BEB;
					};
				};
			};
			buildConfigurationList = 1AA07A871A762BA400722BEB /* Build configuration list for PBXProject "WordFall" */;
			compatibilityVersion = "Xcode 3.2";
			developmentRegion = English;
			hasScannedForEncodings = 0;
			knownRegions = (
				en,
				Base,
			);
			mainGroup = 1AA07A831A762BA400722BEB;
			productRefGroup = 1AA07A8D1A762BA400722BEB /* Products */;
			projectDirPath = "";
			projectRoot = "";
			targets = (
				1AA07A8B1A762BA400722BEB /* WordFall */,
				1AA07AA91A762BA400722BEB /* WordFallTests */,
			);
		};
/* End PBXProject section */

/* Begin PBXResourcesBuildPhase section */
		1AA07A8A1A762BA400722BEB /* Resources */ = {
			isa = PBXResourcesBuildPhase;
			buildActionMask = 2147483647;
			files = (
				1AA8D4CF1ACF44AA00CF1842 /* stream-0_iphone@2x.png in Resources */,
				1AA8D4CD1ACF44AA00CF1842 /* stream-0_ipad@2x.png in Resources */,
				1A5A6C4B1AE43D55005F3903 /* auto-solve_ipad.png in Resources */,
				1AA8D4E41AD021E900CF1842 /* letterbox_iphone.png in Resources */,
				1AA8D4DD1ACF44AA00CF1842 /* stream-4_ipad@2x.png in Resources */,
				1AA8D4DE1ACF44AA00CF1842 /* stream-4_iphone.png in Resources */,
				1AA07AA51A762BA400722BEB /* LaunchScreen.xib in Resources */,
				1AA07AA21A762BA400722BEB /* Images.xcassets in Resources */,
				1AA8D4E91AD0259B00CF1842 /* letterbox_ipad.png in Resources */,
				1AA8D4A71ACC86E800CF1842 /* background-667@2x.png in Resources */,
				1A5A6C731AF6C5BB005F3903 /* Icon-Small-40.png in Resources */,
				1AA8D4D61ACF44AA00CF1842 /* stream-2_iphone.png in Resources */,
				1AA8D4A81ACC86E800CF1842 /* background-736@3x.png in Resources */,
				1AA8D4F71AD2BD3200CF1842 /* Default@2x.png in Resources */,
				1AA8D5091AD55B3C00CF1842 /* sound_off_iphone.png in Resources */,
				1A5A6C4D1AE43D55005F3903 /* auto-solve_iphone@2x.png in Resources */,
				1AA8D4EA1AD0259B00CF1842 /* letterbox_ipad@2x.png in Resources */,
				1AA8D4D31ACF44AA00CF1842 /* stream-1_iphone@2x.png in Resources */,
				1AA8D4D21ACF44AA00CF1842 /* stream-1_iphone.png in Resources */,
				1A5A6C721AF6C5BB005F3903 /* Icon-76@2x.png in Resources */,
				1AA8D4F61AD2BD3200CF1842 /* Default-Landscape~ipad.png in Resources */,
				1A5A6C7B1AF6C5BB005F3903 /* Icon.png in Resources */,
				1AA07A9A1A762BA400722BEB /* GameScene.sks in Resources */,
				1A5A6C541AE6D77C005F3903 /* stream.mp3 in Resources */,
				1A5A6C761AF6C5BB005F3903 /* Icon-Small-50.png in Resources */,
				1AA8D5251AD71A7C00CF1842 /* solve_ipad@2x.png in Resources */,
				1A5A6C701AF6C5BB005F3903 /* Icon-72@2x.png in Resources */,
				1AA8D4D11ACF44AA00CF1842 /* stream-1_ipad@2x.png in Resources */,
				1AA8D4D71ACF44AA00CF1842 /* stream-2_iphone@2x.png in Resources */,
				1AA8D4A61ACC86E800CF1842 /* background-568@2x.png in Resources */,
				1A5A6C6C1AF6C5BB005F3903 /* Icon-60.png in Resources */,
				1AA8D4CE1ACF44AA00CF1842 /* stream-0_iphone.png in Resources */,
				1AA8D4E61AD022CC00CF1842 /* letterbox_iphone@2x.png in Resources */,
				1AA8D4CC1ACF44AA00CF1842 /* stream-0_ipad.png in Resources */,
				1AA8D4DB1ACF44AA00CF1842 /* stream-3_iphone@2x.png in Resources */,
				1AA8D4A91ACC86E800CF1842 /* background-1024.png in Resources */,
				1AA8D4F51AD2BD3200CF1842 /* Default-Landscape@2x~ipad.png in Resources */,
				1AA8D4D01ACF44AA00CF1842 /* stream-1_ipad.png in Resources */,
				1AA07AA01A762BA400722BEB /* Main.storyboard in Resources */,
				1AA8D50D1AD55B3C00CF1842 /* sound_on_iphone.png in Resources */,
				1AA8D51F1AD7149D00CF1842 /* next_iphone@2x.png in Resources */,
				1AA8D4F31AD2BD3200CF1842 /* Default-667h@2x.png in Resources */,
				1AA8D5071AD55B3C00CF1842 /* sound_off_ipad.png in Resources */,
				1AA8D4DA1ACF44AA00CF1842 /* stream-3_iphone.png in Resources */,
				1AA8D51E1AD7149D00CF1842 /* next_iphone.png in Resources */,
				1A5A6C6D1AF6C5BB005F3903 /* Icon-60@2x.png in Resources */,
				1A5A6C4C1AE43D55005F3903 /* auto-solve_iphone.png in Resources */,
				1AA8D5081AD55B3C00CF1842 /* sound_off_ipad@2x.png in Resources */,
				1A5A6C7D1AF6C5BB005F3903 /* iTunesArtwork@2x.png in Resources */,
				1A5A6C7C1AF6C5BB005F3903 /* Icon@2x.png in Resources */,
				1A5A6C781AF6C5BB005F3903 /* Icon-Small.png in Resources */,
				1AA8D5271AD71A7C00CF1842 /* solve_iphone@2x.png in Resources */,
				1A5A6C801AFA3FD7005F3903 /* reveal-letter.mp3 in Resources */,
				1AA8D4D41ACF44AA00CF1842 /* stream-2_ipad.png in Resources */,
				1A5A6C741AF6C5BB005F3903 /* Icon-Small-40@2x.png in Resources */,
				1AA8D51C1AD7149D00CF1842 /* next_ipad.png in Resources */,
				1AA8D50A1AD55B3C00CF1842 /* sound_off_iphone@2x.png in Resources */,
				1AA8D50E1AD55B3C00CF1842 /* sound_on_iphone@2x.png in Resources */,
				1A5A6C711AF6C5BB005F3903 /* Icon-76.png in Resources */,
				1AA8D49D1ACB0B4000CF1842 /* words.sqlite in Resources */,
				1AA8D51D1AD7149D00CF1842 /* next_ipad@2x.png in Resources */,
				1AA8D50C1AD55B3C00CF1842 /* sound_on_ipad@2x.png in Resources */,
				1AA8D50B1AD55B3C00CF1842 /* sound_on_ipad.png in Resources */,
				1AA8D4F41AD2BD3200CF1842 /* Default-736h@3x.png in Resources */,
				1A5A6C6E1AF6C5BB005F3903 /* Icon-60@3x.png in Resources */,
				1A5A6C811AFA3FD7005F3903 /* reveal-word.mp3 in Resources */,
				1AA8D5261AD71A7C00CF1842 /* solve_iphone.png in Resources */,
				1AA8D4D51ACF44AA00CF1842 /* stream-2_ipad@2x.png in Resources */,
				1AA8D4F21AD2BD3200CF1842 /* Default-568h@2x.png in Resources */,
				1A5A6C751AF6C5BB005F3903 /* Icon-Small-40@3x.png in Resources */,
				1A5A6C7A1AF6C5BB005F3903 /* Icon-Small@3x.png in Resources */,
				1AA8D5241AD71A7C00CF1842 /* solve_ipad.png in Resources */,
				1AA8D4D91ACF44AA00CF1842 /* stream-3_ipad@2x.png in Resources */,
				1AA8D4DF1ACF44AA00CF1842 /* stream-4_iphone@2x.png in Resources */,
				1AA8D4D81ACF44AA00CF1842 /* stream-3_ipad.png in Resources */,
				1AA8D4A51ACC86E800CF1842 /* background-480@2x.png in Resources */,
				1A5A6C471AE43854005F3903 /* auto-solve_ipad@2x.png in Resources */,
				1AA8D4DC1ACF44AA00CF1842 /* stream-4_ipad.png in Resources */,
				1A5A6C771AF6C5BB005F3903 /* Icon-Small-50@2x.png in Resources */,
				1AA8D4AA1ACC86E800CF1842 /* background-1024@2x.png in Resources */,
				1A5A6C6F1AF6C5BB005F3903 /* Icon-72.png in Resources */,
				1A5A6C791AF6C5BB005F3903 /* Icon-Small@2x.png in Resources */,
			);
			runOnlyForDeploymentPostprocessing = 0;
		};
		1AA07AA81A762BA400722BEB /* Resources */ = {
			isa = PBXResourcesBuildPhase;
			buildActionMask = 2147483647;
			files = (
			);
			runOnlyForDeploymentPostprocessing = 0;
		};
/* End PBXResourcesBuildPhase section */

/* Begin PBXSourcesBuildPhase section */
		1AA07A881A762BA400722BEB /* Sources */ = {
			isa = PBXSourcesBuildPhase;
			buildActionMask = 2147483647;
			files = (
				1AA8C7EB1AC0576100B10E49 /* MWDefinitionNode.m in Sources */,
				1AA945BB1AC886A700006FEF /* SKProduct+Extensions.m in Sources */,
				1A6E2F251A84BC3500725FCF /* MWObject.m in Sources */,
				1AA07A9D1A762BA400722BEB /* GameViewController.m in Sources */,
				1AA33E501AC1FB69002B29B5 /* MWSolveWordNode.m in Sources */,
				1A6E2F1B1A84BA4100725FCF /* FMDatabaseQueue.m in Sources */,
				1AA0B3221A850A6A0040FCE6 /* MWWordManager.m in Sources */,
				1AA0B3161A8508320040FCE6 /* MWWords.m in Sources */,
				1AA807A41AC5FAF100A0DBC1 /* NSString+Extensions.m in Sources */,
				1AA0B31C1A8509AA0040FCE6 /* MWDefinitions.m in Sources */,
				1AA07A951A762BA400722BEB /* AppDelegate.m in Sources */,
				1AA0B3191A85099A0040FCE6 /* MWDefinition.m in Sources */,
				1AA07A981A762BA400722BEB /* GameScene.m in Sources */,
				1AA0B3101A8507F70040FCE6 /* MWWord.m in Sources */,
				1AA33E4D1AC1FB56002B29B5 /* MWPurchaseNode.m in Sources */,
				1AA8C7EF1AC0965D00B10E49 /* Random.m in Sources */,
				1A6E2F181A84BA4100725FCF /* FMDatabase.m in Sources */,
				1A6E2F1A1A84BA4100725FCF /* FMDatabasePool.m in Sources */,
				1A4AB2A11A8A0E8B008B9F6E /* MWSolutionNode.m in Sources */,
				1A4AB29E1A8A0E17008B9F6E /* MWStreamNode.m in Sources */,
				1AA8C7F21AC0CE8100B10E49 /* MWNextWordNode.m in Sources */,
				1A6E2F281A84BC5A00725FCF /* MWDBManager.m in Sources */,
				1AA0B31F1A8509CF0040FCE6 /* MWManager.m in Sources */,
				1AA0B3131A85080B0040FCE6 /* MWObjects.m in Sources */,
				1A6E2F1C1A84BA4100725FCF /* FMResultSet.m in Sources */,
				1AA34B001A8AA8E20036AE8A /* MWSolutionLetterNode.m in Sources */,
				1AA8D4FD1AD5559500CF1842 /* MWSoundNode.m in Sources */,
				1AA8D4FA1AD4779700CF1842 /* MWSoundManager.m in Sources */,
				1AA07A921A762BA400722BEB /* main.m in Sources */,
				1A6E2F191A84BA4100725FCF /* FMDatabaseAdditions.m in Sources */,
				1AA33E531AC20C17002B29B5 /* MWPurchaseManager.m in Sources */,
			);
			runOnlyForDeploymentPostprocessing = 0;
		};
		1AA07AA61A762BA400722BEB /* Sources */ = {
			isa = PBXSourcesBuildPhase;
			buildActionMask = 2147483647;
			files = (
				1AA07AB11A762BA400722BEB /* WordFallTests.m in Sources */,
			);
			runOnlyForDeploymentPostprocessing = 0;
		};
/* End PBXSourcesBuildPhase section */

/* Begin PBXTargetDependency section */
		1AA07AAC1A762BA400722BEB /* PBXTargetDependency */ = {
			isa = PBXTargetDependency;
			target = 1AA07A8B1A762BA400722BEB /* WordFall */;
			targetProxy = 1AA07AAB1A762BA400722BEB /* PBXContainerItemProxy */;
		};
/* End PBXTargetDependency section */

/* Begin PBXVariantGroup section */
		1AA07A9E1A762BA400722BEB /* Main.storyboard */ = {
			isa = PBXVariantGroup;
			children = (
				1AA07A9F1A762BA400722BEB /* Base */,
			);
			name = Main.storyboard;
			sourceTree = "<group>";
		};
		1AA07AA31A762BA400722BEB /* LaunchScreen.xib */ = {
			isa = PBXVariantGroup;
			children = (
				1AA07AA41A762BA400722BEB /* Base */,
			);
			name = LaunchScreen.xib;
			sourceTree = "<group>";
		};
/* End PBXVariantGroup section */

/* Begin XCBuildConfiguration section */
		1AA07AB21A762BA400722BEB /* Debug */ = {
			isa = XCBuildConfiguration;
			buildSettings = {
				ALWAYS_SEARCH_USER_PATHS = NO;
				CLANG_CXX_LANGUAGE_STANDARD = "gnu++0x";
				CLANG_CXX_LIBRARY = "libc++";
				CLANG_ENABLE_MODULES = YES;
				CLANG_ENABLE_OBJC_ARC = YES;
				CLANG_WARN_BOOL_CONVERSION = YES;
				CLANG_WARN_CONSTANT_CONVERSION = YES;
				CLANG_WARN_DIRECT_OBJC_ISA_USAGE = YES_ERROR;
				CLANG_WARN_EMPTY_BODY = YES;
				CLANG_WARN_ENUM_CONVERSION = YES;
				CLANG_WARN_INT_CONVERSION = YES;
				CLANG_WARN_OBJC_ROOT_CLASS = YES_ERROR;
				CLANG_WARN_UNREACHABLE_CODE = YES;
				CLANG_WARN__DUPLICATE_METHOD_MATCH = YES;
				"CODE_SIGN_IDENTITY[sdk=iphoneos*]" = "iPhone Developer";
				COPY_PHASE_STRIP = NO;
				ENABLE_STRICT_OBJC_MSGSEND = YES;
				GCC_C_LANGUAGE_STANDARD = gnu99;
				GCC_DYNAMIC_NO_PIC = NO;
				GCC_OPTIMIZATION_LEVEL = 0;
				GCC_PREPROCESSOR_DEFINITIONS = (
					"DEBUG=1",
					"$(inherited)",
				);
				GCC_SYMBOLS_PRIVATE_EXTERN = NO;
				GCC_WARN_64_TO_32_BIT_CONVERSION = YES;
				GCC_WARN_ABOUT_RETURN_TYPE = YES_ERROR;
				GCC_WARN_UNDECLARED_SELECTOR = YES;
				GCC_WARN_UNINITIALIZED_AUTOS = YES_AGGRESSIVE;
				GCC_WARN_UNUSED_FUNCTION = YES;
				GCC_WARN_UNUSED_VARIABLE = YES;
				IPHONEOS_DEPLOYMENT_TARGET = 7.1;
				MTL_ENABLE_DEBUG_INFO = YES;
				ONLY_ACTIVE_ARCH = YES;
				SDKROOT = iphoneos;
				TARGETED_DEVICE_FAMILY = "1,2";
			};
			name = Debug;
		};
		1AA07AB31A762BA400722BEB /* Release */ = {
			isa = XCBuildConfiguration;
			buildSettings = {
				ALWAYS_SEARCH_USER_PATHS = NO;
				CLANG_CXX_LANGUAGE_STANDARD = "gnu++0x";
				CLANG_CXX_LIBRARY = "libc++";
				CLANG_ENABLE_MODULES = YES;
				CLANG_ENABLE_OBJC_ARC = YES;
				CLANG_WARN_BOOL_CONVERSION = YES;
				CLANG_WARN_CONSTANT_CONVERSION = YES;
				CLANG_WARN_DIRECT_OBJC_ISA_USAGE = YES_ERROR;
				CLANG_WARN_EMPTY_BODY = YES;
				CLANG_WARN_ENUM_CONVERSION = YES;
				CLANG_WARN_INT_CONVERSION = YES;
				CLANG_WARN_OBJC_ROOT_CLASS = YES_ERROR;
				CLANG_WARN_UNREACHABLE_CODE = YES;
				CLANG_WARN__DUPLICATE_METHOD_MATCH = YES;
				"CODE_SIGN_IDENTITY[sdk=iphoneos*]" = "iPhone Developer";
				COPY_PHASE_STRIP = YES;
				ENABLE_NS_ASSERTIONS = NO;
				ENABLE_STRICT_OBJC_MSGSEND = YES;
				GCC_C_LANGUAGE_STANDARD = gnu99;
				GCC_WARN_64_TO_32_BIT_CONVERSION = YES;
				GCC_WARN_ABOUT_RETURN_TYPE = YES_ERROR;
				GCC_WARN_UNDECLARED_SELECTOR = YES;
				GCC_WARN_UNINITIALIZED_AUTOS = YES_AGGRESSIVE;
				GCC_WARN_UNUSED_FUNCTION = YES;
				GCC_WARN_UNUSED_VARIABLE = YES;
				IPHONEOS_DEPLOYMENT_TARGET = 7.1;
				MTL_ENABLE_DEBUG_INFO = NO;
				SDKROOT = iphoneos;
				TARGETED_DEVICE_FAMILY = "1,2";
				VALIDATE_PRODUCT = YES;
			};
			name = Release;
		};
		1AA07AB51A762BA400722BEB /* Debug */ = {
			isa = XCBuildConfiguration;
			buildSettings = {
				ASSETCATALOG_COMPILER_APPICON_NAME = AppIcon;
				INFOPLIST_FILE = WordFall/Info.plist;
				IPHONEOS_DEPLOYMENT_TARGET = 7.1;
				LD_RUNPATH_SEARCH_PATHS = "$(inherited) @executable_path/Frameworks";
				PRODUCT_NAME = "$(TARGET_NAME)";
			};
			name = Debug;
		};
		1AA07AB61A762BA400722BEB /* Release */ = {
			isa = XCBuildConfiguration;
			buildSettings = {
				ASSETCATALOG_COMPILER_APPICON_NAME = AppIcon;
				CODE_SIGN_IDENTITY = "iPhone Distribution: Mobwe, LLC (3Z3949Y4B2)";
				"CODE_SIGN_IDENTITY[sdk=iphoneos*]" = "iPhone Distribution: Mobwe, LLC (3Z3949Y4B2)";
				INFOPLIST_FILE = WordFall/Info.plist;
				IPHONEOS_DEPLOYMENT_TARGET = 7.1;
				LD_RUNPATH_SEARCH_PATHS = "$(inherited) @executable_path/Frameworks";
				PRODUCT_NAME = "$(TARGET_NAME)";
			};
			name = Release;
		};
		1AA07AB81A762BA400722BEB /* Debug */ = {
			isa = XCBuildConfiguration;
			buildSettings = {
				BUNDLE_LOADER = "$(TEST_HOST)";
				FRAMEWORK_SEARCH_PATHS = (
					"$(SDKROOT)/Developer/Library/Frameworks",
					"$(inherited)",
				);
				GCC_PREPROCESSOR_DEFINITIONS = (
					"DEBUG=1",
					"$(inherited)",
				);
				INFOPLIST_FILE = WordFallTests/Info.plist;
				LD_RUNPATH_SEARCH_PATHS = "$(inherited) @executable_path/Frameworks @loader_path/Frameworks";
				PRODUCT_NAME = "$(TARGET_NAME)";
				TEST_HOST = "$(BUILT_PRODUCTS_DIR)/WordFall.app/WordFall";
			};
			name = Debug;
		};
		1AA07AB91A762BA400722BEB /* Release */ = {
			isa = XCBuildConfiguration;
			buildSettings = {
				BUNDLE_LOADER = "$(TEST_HOST)";
				FRAMEWORK_SEARCH_PATHS = (
					"$(SDKROOT)/Developer/Library/Frameworks",
					"$(inherited)",
				);
				INFOPLIST_FILE = WordFallTests/Info.plist;
				LD_RUNPATH_SEARCH_PATHS = "$(inherited) @executable_path/Frameworks @loader_path/Frameworks";
				PRODUCT_NAME = "$(TARGET_NAME)";
				TEST_HOST = "$(BUILT_PRODUCTS_DIR)/WordFall.app/WordFall";
			};
			name = Release;
		};
/* End XCBuildConfiguration section */

/* Begin XCConfigurationList section */
		1AA07A871A762BA400722BEB /* Build configuration list for PBXProject "WordFall" */ = {
			isa = XCConfigurationList;
			buildConfigurations = (
				1AA07AB21A762BA400722BEB /* Debug */,
				1AA07AB31A762BA400722BEB /* Release */,
			);
			defaultConfigurationIsVisible = 0;
			defaultConfigurationName = Release;
		};
		1AA07AB41A762BA400722BEB /* Build configuration list for PBXNativeTarget "WordFall" */ = {
			isa = XCConfigurationList;
			buildConfigurations = (
				1AA07AB51A762BA400722BEB /* Debug */,
				1AA07AB61A762BA400722BEB /* Release */,
			);
			defaultConfigurationIsVisible = 0;
			defaultConfigurationName = Release;
		};
		1AA07AB71A762BA400722BEB /* Build configuration list for PBXNativeTarget "WordFallTests" */ = {
			isa = XCConfigurationList;
			buildConfigurations = (
				1AA07AB81A762BA400722BEB /* Debug */,
				1AA07AB91A762BA400722BEB /* Release */,
			);
			defaultConfigurationIsVisible = 0;
			defaultConfigurationName = Release;
		};
/* End XCConfigurationList section */
	};
	rootObject = 1AA07A841A762BA400722BEB /* Project object */;
}
